PODS:
  - FloatingPanel (1.2.0)
  - InputAssistant (1.0.2)
  - SavannaKit (0.9.0)
  - SourceEditor (1.0.1):
    - SavannaKit (~> 0.9)

DEPENDENCIES:
  - FloatingPanel
  - InputAssistant
  - SourceEditor (from `https://github.com/ronaldmannak/source-editor.git`)

SPEC REPOS:
  https://github.com/cocoapods/specs.git:
    - FloatingPanel
    - InputAssistant
    - SavannaKit

EXTERNAL SOURCES:
  SourceEditor:
    :git: https://github.com/ronaldmannak/source-editor.git

CHECKOUT OPTIONS:
  SourceEditor:
    :commit: 49c0a432c156ab7867d52e209971db4df3806b02
    :git: https://github.com/ronaldmannak/source-editor.git

SPEC CHECKSUMS:
  FloatingPanel: b6c56634780f25a4b5146025714f3ad5eeb5afb9
  InputAssistant: b0b70cd0d69ef7013ecb2a1fa350b7a2786e2e01
  SavannaKit: 920c240bde011900df8156200a960dad3ee5edfd
  SourceEditor: 4d590385d642c812d08a91941a4bfc90eccf20af

PODFILE CHECKSUM: ecfbdea7ab0ccf9c5e9569c9dc0d6ad7de994775

COCOAPODS: 1.5.3
