// !$*UTF8*$!
{
	archiveVersion = 1;
	classes = {
	};
	objectVersion = 50;
	objects = {

/* Begin PBXBuildFile section */
		7099F1185CAF33947B6E1759 /* Pods_Run_Lua_Script.framework in Frameworks */ = {isa = PBXBuildFile; fileRef = 092469FD9334A0250030D849 /* Pods_Run_Lua_Script.framework */; };
		C93634B821BC419600785AC8 /* pasteboard.m in Sources */ = {isa = PBXBuildFile; fileRef = C93634B521BC3CE100785AC8 /* pasteboard.m */; };
		C93634BB21BC4B8400785AC8 /* DocumentationViewController.swift in Sources */ = {isa = PBXBuildFile; fileRef = C93634BA21BC4B8400785AC8 /* DocumentationViewController.swift */; };
		C93634BD21BC4BCA00785AC8 /* docs in Resources */ = {isa = PBXBuildFile; fileRef = C93634BC21BC4BCA00785AC8 /* docs */; };
		C93634BE21BC4E1200785AC8 /* DocumentationViewController.swift in Sources */ = {isa = PBXBuildFile; fileRef = C93634BA21BC4B8400785AC8 /* DocumentationViewController.swift */; };
		C93634C021BC4FCE00785AC8 /* Help.lua in Resources */ = {isa = PBXBuildFile; fileRef = C93634BF21BC4FCE00785AC8 /* Help.lua */; };
		C93634C121BC573F00785AC8 /* Share Sheet Example.lua in Resources */ = {isa = PBXBuildFile; fileRef = C98F343F21B88E57009BE421 /* Share Sheet Example.lua */; };
		C93634C321BC582500785AC8 /* Samples in Resources */ = {isa = PBXBuildFile; fileRef = C93634C221BC582500785AC8 /* Samples */; };
		C93872CC21B08D9500780FBE /* ReviewHelper.swift in Sources */ = {isa = PBXBuildFile; fileRef = C93872C621B08D9500780FBE /* ReviewHelper.swift */; };
		C9647FAF21AB65C2005765C2 /* REPLConsoleViewController.swift in Sources */ = {isa = PBXBuildFile; fileRef = C9647FAE21AB65C2005765C2 /* REPLConsoleViewController.swift */; };
		C9647FB121AB6CC9005765C2 /* Main.storyboard in Resources */ = {isa = PBXBuildFile; fileRef = C9647FB021AB6CC9005765C2 /* Main.storyboard */; };
		C98F344021B88E57009BE421 /* Share Sheet Example.lua in Resources */ = {isa = PBXBuildFile; fileRef = C98F343F21B88E57009BE421 /* Share Sheet Example.lua */; };
		C98F344221B897DA009BE421 /* Share Sheet README.lua in Resources */ = {isa = PBXBuildFile; fileRef = C98F344121B897DA009BE421 /* Share Sheet README.lua */; };
		C990242D21B8A40200AA5370 /* commandDictionary.plist in Resources */ = {isa = PBXBuildFile; fileRef = C990242C21B8A40200AA5370 /* commandDictionary.plist */; };
		C990243021B8B62200AA5370 /* commandDictionary.plist in Resources */ = {isa = PBXBuildFile; fileRef = C990242C21B8A40200AA5370 /* commandDictionary.plist */; };
		C990243D21B8B79A00AA5370 /* Lua.framework in Frameworks */ = {isa = PBXBuildFile; fileRef = C990243621B8B79900AA5370 /* Lua.framework */; };
		C990243E21B8B79A00AA5370 /* Lua.framework in Embed Frameworks */ = {isa = PBXBuildFile; fileRef = C990243621B8B79900AA5370 /* Lua.framework */; settings = {ATTRIBUTES = (CodeSignOnCopy, RemoveHeadersOnCopy, ); }; };
		C990244221B8B7F400AA5370 /* lapi.c in Sources */ = {isa = PBXBuildFile; fileRef = C9BC6D8F21AB3D62006CB876 /* lapi.c */; };
		C990244321B8B7F400AA5370 /* lauxlib.c in Sources */ = {isa = PBXBuildFile; fileRef = C9BC6DB221AB3D67006CB876 /* lauxlib.c */; };
		C990244421B8B7F400AA5370 /* lbaselib.c in Sources */ = {isa = PBXBuildFile; fileRef = C9BC6DB821AB3D69006CB876 /* lbaselib.c */; };
		C990244521B8B7F400AA5370 /* lbitlib.c in Sources */ = {isa = PBXBuildFile; fileRef = C9BC6D8D21AB3D62006CB876 /* lbitlib.c */; };
		C990244621B8B7F400AA5370 /* lcode.c in Sources */ = {isa = PBXBuildFile; fileRef = C9BC6DC821AB3D6C006CB876 /* lcode.c */; };
		C990244721B8B7F400AA5370 /* lcorolib.c in Sources */ = {isa = PBXBuildFile; fileRef = C9BC6D9D21AB3D64006CB876 /* lcorolib.c */; };
		C990244821B8B7F400AA5370 /* lctype.c in Sources */ = {isa = PBXBuildFile; fileRef = C9BC6DB921AB3D69006CB876 /* lctype.c */; };
		C990244921B8B7F400AA5370 /* ldblib.c in Sources */ = {isa = PBXBuildFile; fileRef = C9BC6DC521AB3D6B006CB876 /* ldblib.c */; };
		C990244A21B8B7F400AA5370 /* ldebug.c in Sources */ = {isa = PBXBuildFile; fileRef = C9BC6DC121AB3D6A006CB876 /* ldebug.c */; };
		C990244B21B8B7F400AA5370 /* ldo.c in Sources */ = {isa = PBXBuildFile; fileRef = C9BC6DC921AB3D6C006CB876 /* ldo.c */; };
		C990244C21B8B7F400AA5370 /* ldump.c in Sources */ = {isa = PBXBuildFile; fileRef = C9BC6DB721AB3D68006CB876 /* ldump.c */; };
		C990244D21B8B7F400AA5370 /* lfunc.c in Sources */ = {isa = PBXBuildFile; fileRef = C9BC6D9521AB3D63006CB876 /* lfunc.c */; };
		C990244E21B8B7F400AA5370 /* lgc.c in Sources */ = {isa = PBXBuildFile; fileRef = C9BC6DAA21AB3D66006CB876 /* lgc.c */; };
		C990244F21B8B7F400AA5370 /* linit.c in Sources */ = {isa = PBXBuildFile; fileRef = C9BC6DBD21AB3D6A006CB876 /* linit.c */; };
		C990245021B8B7F400AA5370 /* liolib.c in Sources */ = {isa = PBXBuildFile; fileRef = C9BC6D8E21AB3D62006CB876 /* liolib.c */; };
		C990245121B8B7F400AA5370 /* llex.c in Sources */ = {isa = PBXBuildFile; fileRef = C9BC6DA721AB3D65006CB876 /* llex.c */; };
		C990245221B8B7F400AA5370 /* lmathlib.c in Sources */ = {isa = PBXBuildFile; fileRef = C9BC6DC721AB3D6C006CB876 /* lmathlib.c */; };
		C990245321B8B7F400AA5370 /* lmem.c in Sources */ = {isa = PBXBuildFile; fileRef = C9BC6DB021AB3D67006CB876 /* lmem.c */; };
		C990245421B8B7F400AA5370 /* loadlib.c in Sources */ = {isa = PBXBuildFile; fileRef = C9BC6DAE21AB3D66006CB876 /* loadlib.c */; };
		C990245521B8B7F400AA5370 /* lobject.c in Sources */ = {isa = PBXBuildFile; fileRef = C9BC6DB121AB3D67006CB876 /* lobject.c */; };
		C990245621B8B7F400AA5370 /* lopcodes.c in Sources */ = {isa = PBXBuildFile; fileRef = C9BC6DBE21AB3D6A006CB876 /* lopcodes.c */; };
		C990245721B8B7F400AA5370 /* loslib.c in Sources */ = {isa = PBXBuildFile; fileRef = C9BC6D9221AB3D62006CB876 /* loslib.c */; };
		C990245821B8B7F400AA5370 /* lparser.c in Sources */ = {isa = PBXBuildFile; fileRef = C9BC6DA921AB3D66006CB876 /* lparser.c */; };
		C990245921B8B7F400AA5370 /* lstate.c in Sources */ = {isa = PBXBuildFile; fileRef = C9BC6DA221AB3D65006CB876 /* lstate.c */; };
		C990245A21B8B7F400AA5370 /* lstring.c in Sources */ = {isa = PBXBuildFile; fileRef = C9BC6D9F21AB3D64006CB876 /* lstring.c */; };
		C990245B21B8B7F400AA5370 /* lstrlib.c in Sources */ = {isa = PBXBuildFile; fileRef = C9BC6DBA21AB3D69006CB876 /* lstrlib.c */; };
		C990245C21B8B7F400AA5370 /* ltable.c in Sources */ = {isa = PBXBuildFile; fileRef = C9BC6DBB21AB3D69006CB876 /* ltable.c */; };
		C990245D21B8B7F400AA5370 /* ltablib.c in Sources */ = {isa = PBXBuildFile; fileRef = C9BC6D9421AB3D63006CB876 /* ltablib.c */; };
		C990245E21B8B7F400AA5370 /* ltests.c in Sources */ = {isa = PBXBuildFile; fileRef = C9BC6DC021AB3D6A006CB876 /* ltests.c */; };
		C990245F21B8B7F400AA5370 /* ltm.c in Sources */ = {isa = PBXBuildFile; fileRef = C9BC6DB421AB3D68006CB876 /* ltm.c */; };
		C990246021B8B7F400AA5370 /* lua.c in Sources */ = {isa = PBXBuildFile; fileRef = C9BC6D9321AB3D63006CB876 /* lua.c */; };
		C990246121B8B7F400AA5370 /* lundump.c in Sources */ = {isa = PBXBuildFile; fileRef = C9BC6DC621AB3D6B006CB876 /* lundump.c */; };
		C990246221B8B7F400AA5370 /* lutf8lib.c in Sources */ = {isa = PBXBuildFile; fileRef = C9BC6D9821AB3D63006CB876 /* lutf8lib.c */; };
		C990246321B8B7F400AA5370 /* lvm.c in Sources */ = {isa = PBXBuildFile; fileRef = C9BC6DA021AB3D64006CB876 /* lvm.c */; };
		C990246421B8B7F400AA5370 /* lzio.c in Sources */ = {isa = PBXBuildFile; fileRef = C9BC6D9C21AB3D64006CB876 /* lzio.c */; };
		C990246521B8B80400AA5370 /* lua_extensionContext.m in Sources */ = {isa = PBXBuildFile; fileRef = C9EC0F7721B86E4200810DAE /* lua_extensionContext.m */; };
		C990246621B8B80700AA5370 /* sharesheet.m in Sources */ = {isa = PBXBuildFile; fileRef = C9EC0F7421B85F6000810DAE /* sharesheet.m */; };
		C990246721B8B87100AA5370 /* ios_system.framework in Frameworks */ = {isa = PBXBuildFile; fileRef = C9BC6D5A21AB2A22006CB876 /* ios_system.framework */; };
		C990247A21B992BE00AA5370 /* device.m in Sources */ = {isa = PBXBuildFile; fileRef = C990247021B992BE00AA5370 /* device.m */; };
		C990247F21B9B7DB00AA5370 /* UIWindow.swift in Sources */ = {isa = PBXBuildFile; fileRef = C9BC6E0421AB585D006CB876 /* UIWindow.swift */; };
		C990248121B9B98600AA5370 /* lua_extensionContext.h in Headers */ = {isa = PBXBuildFile; fileRef = C9EC0F7921B86E8900810DAE /* lua_extensionContext.h */; settings = {ATTRIBUTES = (Public, ); }; };
		C9A0966221AE134C00A03454 /* ConsolePanelLayout.swift in Sources */ = {isa = PBXBuildFile; fileRef = C9A0966121AE134C00A03454 /* ConsolePanelLayout.swift */; };
		C9A23F0421AF14A600DA10D1 /* LuaDelegate.swift in Sources */ = {isa = PBXBuildFile; fileRef = C9A23F0321AF14A600DA10D1 /* LuaDelegate.swift */; };
		C9BC6D4421AB2911006CB876 /* AppDelegate.swift in Sources */ = {isa = PBXBuildFile; fileRef = C9BC6D4321AB2911006CB876 /* AppDelegate.swift */; };
		C9BC6D4B21AB2913006CB876 /* Assets.xcassets in Resources */ = {isa = PBXBuildFile; fileRef = C9BC6D4A21AB2913006CB876 /* Assets.xcassets */; };
		C9BC6D4E21AB2913006CB876 /* LaunchScreen.storyboard in Resources */ = {isa = PBXBuildFile; fileRef = C9BC6D4C21AB2913006CB876 /* LaunchScreen.storyboard */; };
		C9BC6DF921AB4591006CB876 /* ios_system.framework in Frameworks */ = {isa = PBXBuildFile; fileRef = C9BC6D5A21AB2A22006CB876 /* ios_system.framework */; };
		C9BC6DFA21AB4591006CB876 /* ios_system.framework in Embed Frameworks */ = {isa = PBXBuildFile; fileRef = C9BC6D5A21AB2A22006CB876 /* ios_system.framework */; settings = {ATTRIBUTES = (CodeSignOnCopy, RemoveHeadersOnCopy, ); }; };
		C9BC6DFF21AB4EFB006CB876 /* Untitled.lua in Resources */ = {isa = PBXBuildFile; fileRef = C9BC6DFE21AB4EFB006CB876 /* Untitled.lua */; };
		C9BC6E0121AB5805006CB876 /* ConsoleViewController.swift in Sources */ = {isa = PBXBuildFile; fileRef = C9BC6E0021AB5804006CB876 /* ConsoleViewController.swift */; };
		C9BC6E0321AB5829006CB876 /* ConsoleTextView.swift in Sources */ = {isa = PBXBuildFile; fileRef = C9BC6E0221AB5829006CB876 /* ConsoleTextView.swift */; };
		C9BC6E0521AB585D006CB876 /* UIWindow.swift in Sources */ = {isa = PBXBuildFile; fileRef = C9BC6E0421AB585D006CB876 /* UIWindow.swift */; };
		C9BC6E0721AB5A21006CB876 /* IO.swift in Sources */ = {isa = PBXBuildFile; fileRef = C9BC6E0621AB5A21006CB876 /* IO.swift */; };
		C9C721A821B9BC2E003CDF36 /* Lua.framework in Frameworks */ = {isa = PBXBuildFile; fileRef = C990243621B8B79900AA5370 /* Lua.framework */; };
		C9C721AC21B9D228003CDF36 /* lua_viewController.h in Headers */ = {isa = PBXBuildFile; fileRef = C9C721AB21B9D228003CDF36 /* lua_viewController.h */; settings = {ATTRIBUTES = (Public, ); }; };
		C9C721AD21B9D364003CDF36 /* lua_viewController.m in Sources */ = {isa = PBXBuildFile; fileRef = C9C721A921B9D204003CDF36 /* lua_viewController.m */; };
		C9EA90AB21ADE25A00F87F66 /* DocumentBrowserViewController.swift in Sources */ = {isa = PBXBuildFile; fileRef = C9EA90AA21ADE25A00F87F66 /* DocumentBrowserViewController.swift */; };
		C9EA90AD21ADE28A00F87F66 /* FileCollectionViewCell.swift in Sources */ = {isa = PBXBuildFile; fileRef = C9EA90AC21ADE28A00F87F66 /* FileCollectionViewCell.swift */; };
		C9EA90AF21ADE29600F87F66 /* Localizable.strings in Resources */ = {isa = PBXBuildFile; fileRef = C9EA90AE21ADE29600F87F66 /* Localizable.strings */; };
		C9EA90C421ADE67C00F87F66 /* Localizable.swift in Sources */ = {isa = PBXBuildFile; fileRef = C9EA90C021ADE67C00F87F66 /* Localizable.swift */; };
		C9EA90C721ADE8C700F87F66 /* lua_copyright.c in Sources */ = {isa = PBXBuildFile; fileRef = C9EA90C621ADE8C700F87F66 /* lua_copyright.c */; };
		C9EA90CA21ADEBF300F87F66 /* Lua.swift in Sources */ = {isa = PBXBuildFile; fileRef = C9EA90C921ADEBF300F87F66 /* Lua.swift */; };
		C9EA90CC21ADECDD00F87F66 /* LuaDocument.swift in Sources */ = {isa = PBXBuildFile; fileRef = C9EA90CB21ADECDD00F87F66 /* LuaDocument.swift */; };
		C9EA90CE21ADED1300F87F66 /* EditorViewController.swift in Sources */ = {isa = PBXBuildFile; fileRef = C9EA90CD21ADED1300F87F66 /* EditorViewController.swift */; };
		C9EA90D021ADF00700F87F66 /* RelativePathForScript.swift in Sources */ = {isa = PBXBuildFile; fileRef = C9EA90CF21ADF00600F87F66 /* RelativePathForScript.swift */; };
		C9EA90D221ADF07F00F87F66 /* UITextView+currentWord.swift in Sources */ = {isa = PBXBuildFile; fileRef = C9EA90D121ADF07F00F87F66 /* UITextView+currentWord.swift */; };
		C9EA90D421ADF0A800F87F66 /* String.swift in Sources */ = {isa = PBXBuildFile; fileRef = C9EA90D321ADF0A700F87F66 /* String.swift */; };
		C9EA90D821ADF3E200F87F66 /* LuaLexer.swift in Sources */ = {isa = PBXBuildFile; fileRef = C9EA90D721ADF3E200F87F66 /* LuaLexer.swift */; };
		C9EC0F1C21B73B6000810DAE /* MainInterface.storyboard in Resources */ = {isa = PBXBuildFile; fileRef = C9EC0F1A21B73B6000810DAE /* MainInterface.storyboard */; };
		C9EC0F2021B73B6000810DAE /* Run Lua Script.appex in Embed App Extensions */ = {isa = PBXBuildFile; fileRef = C9EC0F1621B73B6000810DAE /* Run Lua Script.appex */; settings = {ATTRIBUTES = (RemoveHeadersOnCopy, ); }; };
		C9EC0F2A21B73B9100810DAE /* DocumentBrowserViewController.swift in Sources */ = {isa = PBXBuildFile; fileRef = C9EA90AA21ADE25A00F87F66 /* DocumentBrowserViewController.swift */; };
		C9EC0F2B21B73BA500810DAE /* Localizable.strings in Resources */ = {isa = PBXBuildFile; fileRef = C9EA90AE21ADE29600F87F66 /* Localizable.strings */; };
		C9EC0F2C21B73BAD00810DAE /* Localizable.swift in Sources */ = {isa = PBXBuildFile; fileRef = C9EA90C021ADE67C00F87F66 /* Localizable.swift */; };
		C9EC0F2D21B73BAF00810DAE /* LuaDocument.swift in Sources */ = {isa = PBXBuildFile; fileRef = C9EA90CB21ADECDD00F87F66 /* LuaDocument.swift */; };
		C9EC0F2E21B73BB200810DAE /* EditorViewController.swift in Sources */ = {isa = PBXBuildFile; fileRef = C9EA90CD21ADED1300F87F66 /* EditorViewController.swift */; };
		C9EC0F2F21B73BB500810DAE /* ConsoleViewController.swift in Sources */ = {isa = PBXBuildFile; fileRef = C9BC6E0021AB5804006CB876 /* ConsoleViewController.swift */; };
		C9EC0F3921B73DE100810DAE /* Lua.swift in Sources */ = {isa = PBXBuildFile; fileRef = C9EA90C921ADEBF300F87F66 /* Lua.swift */; };
		C9EC0F4221B746A000810DAE /* UIWindow.swift in Sources */ = {isa = PBXBuildFile; fileRef = C9BC6E0421AB585D006CB876 /* UIWindow.swift */; };
		C9EC0F4321B746A400810DAE /* String.swift in Sources */ = {isa = PBXBuildFile; fileRef = C9EA90D321ADF0A700F87F66 /* String.swift */; };
		C9EC0F4421B7475100810DAE /* IO.swift in Sources */ = {isa = PBXBuildFile; fileRef = C9BC6E0621AB5A21006CB876 /* IO.swift */; };
		C9EC0F4521B7476700810DAE /* LuaDelegate.swift in Sources */ = {isa = PBXBuildFile; fileRef = C9A23F0321AF14A600DA10D1 /* LuaDelegate.swift */; };
		C9EC0F4621B7476A00810DAE /* ConsolePanelLayout.swift in Sources */ = {isa = PBXBuildFile; fileRef = C9A0966121AE134C00A03454 /* ConsolePanelLayout.swift */; };
		C9EC0F4721B7476E00810DAE /* LuaLexer.swift in Sources */ = {isa = PBXBuildFile; fileRef = C9EA90D721ADF3E200F87F66 /* LuaLexer.swift */; };
		C9EC0F4821B7479B00810DAE /* UITextView+currentWord.swift in Sources */ = {isa = PBXBuildFile; fileRef = C9EA90D121ADF07F00F87F66 /* UITextView+currentWord.swift */; };
		C9EC0F4921B7479D00810DAE /* RelativePathForScript.swift in Sources */ = {isa = PBXBuildFile; fileRef = C9EA90CF21ADF00600F87F66 /* RelativePathForScript.swift */; };
		C9EC0F4A21B747B900810DAE /* FileCollectionViewCell.swift in Sources */ = {isa = PBXBuildFile; fileRef = C9EA90AC21ADE28A00F87F66 /* FileCollectionViewCell.swift */; };
		C9EC0F4B21B747BC00810DAE /* ConsoleTextView.swift in Sources */ = {isa = PBXBuildFile; fileRef = C9BC6E0221AB5829006CB876 /* ConsoleTextView.swift */; };
		C9EC0F4C21B74A5B00810DAE /* ios_system.framework in Frameworks */ = {isa = PBXBuildFile; fileRef = C9BC6D5A21AB2A22006CB876 /* ios_system.framework */; };
		C9EC0F4D21B74A7A00810DAE /* lua_copyright.c in Sources */ = {isa = PBXBuildFile; fileRef = C9EA90C621ADE8C700F87F66 /* lua_copyright.c */; };
		C9EC0F7121B74C4900810DAE /* AppDelegate.swift in Sources */ = {isa = PBXBuildFile; fileRef = C9BC6D4321AB2911006CB876 /* AppDelegate.swift */; };
		DC1F88E10FE5055CA5EAB5A4 /* Pods_Luade.framework in Frameworks */ = {isa = PBXBuildFile; fileRef = BD4E40A86137E78995F777A0 /* Pods_Luade.framework */; };
/* End PBXBuildFile section */

/* Begin PBXContainerItemProxy section */
		C990243B21B8B79A00AA5370 /* PBXContainerItemProxy */ = {
			isa = PBXContainerItemProxy;
			containerPortal = C9BC6D3821AB2911006CB876 /* Project object */;
			proxyType = 1;
			remoteGlobalIDString = C990243521B8B79900AA5370;
			remoteInfo = Lua;
		};
		C9A0966821AE134D00A03454 /* PBXContainerItemProxy */ = {
			isa = PBXContainerItemProxy;
			containerPortal = C9EA90B221ADE5E700F87F66 /* Pods.xcodeproj */;
			proxyType = 2;
			remoteGlobalIDString = AEA115E90226A8EF5AC07DC59492C77D;
			remoteInfo = FloatingPanel;
		};
		C9A0966A21AE134D00A03454 /* PBXContainerItemProxy */ = {
			isa = PBXContainerItemProxy;
			containerPortal = C9EA90B221ADE5E700F87F66 /* Pods.xcodeproj */;
			proxyType = 2;
			remoteGlobalIDString = 46F5536D008CB954DB43DF858C84A600;
			remoteInfo = InputAssistant;
		};
		C9BC6D5921AB2A22006CB876 /* PBXContainerItemProxy */ = {
			isa = PBXContainerItemProxy;
			containerPortal = C9BC6D5521AB2A22006CB876 /* ios_system.xcodeproj */;
			proxyType = 2;
			remoteGlobalIDString = 223496AB1FD5FC71007ED1A9;
			remoteInfo = ios_system;
		};
		C9BC6DFB21AB4591006CB876 /* PBXContainerItemProxy */ = {
			isa = PBXContainerItemProxy;
			containerPortal = C9BC6D5521AB2A22006CB876 /* ios_system.xcodeproj */;
			proxyType = 1;
			remoteGlobalIDString = 223496AA1FD5FC71007ED1A9;
			remoteInfo = ios_system;
		};
		C9EA90B821ADE5E800F87F66 /* PBXContainerItemProxy */ = {
			isa = PBXContainerItemProxy;
			containerPortal = C9EA90B221ADE5E700F87F66 /* Pods.xcodeproj */;
			proxyType = 2;
			remoteGlobalIDString = 8EF36B1559613BF9D9C5F2B5B6C28FA8;
			remoteInfo = "Pods-Luade";
		};
		C9EA90BA21ADE5E800F87F66 /* PBXContainerItemProxy */ = {
			isa = PBXContainerItemProxy;
			containerPortal = C9EA90B221ADE5E700F87F66 /* Pods.xcodeproj */;
			proxyType = 2;
			remoteGlobalIDString = A70B6D2CAFFB796B348D4CACAB671A70;
			remoteInfo = SavannaKit;
		};
		C9EA90BC21ADE5E800F87F66 /* PBXContainerItemProxy */ = {
			isa = PBXContainerItemProxy;
			containerPortal = C9EA90B221ADE5E700F87F66 /* Pods.xcodeproj */;
			proxyType = 2;
			remoteGlobalIDString = EE81415DD4BC7D24A37E817C0246B0C1;
			remoteInfo = SourceEditor;
		};
		C9EC0F1E21B73B6000810DAE /* PBXContainerItemProxy */ = {
			isa = PBXContainerItemProxy;
			containerPortal = C9BC6D3821AB2911006CB876 /* Project object */;
			proxyType = 1;
			remoteGlobalIDString = C9EC0F1521B73B6000810DAE;
			remoteInfo = "Open With Lua";
		};
		C9EC0F4021B73DE100810DAE /* PBXContainerItemProxy */ = {
			isa = PBXContainerItemProxy;
			containerPortal = C9EA90B221ADE5E700F87F66 /* Pods.xcodeproj */;
			proxyType = 2;
			remoteGlobalIDString = 7365F4C1DC59608CE1A450182B1755D2;
			remoteInfo = "Pods-Run Lua Script";
		};
/* End PBXContainerItemProxy section */

/* Begin PBXCopyFilesBuildPhase section */
		C9BC6D6521AB2B1A006CB876 /* Embed Frameworks */ = {
			isa = PBXCopyFilesBuildPhase;
			buildActionMask = 2147483647;
			dstPath = "";
			dstSubfolderSpec = 10;
			files = (
				C9BC6DFA21AB4591006CB876 /* ios_system.framework in Embed Frameworks */,
				C990243E21B8B79A00AA5370 /* Lua.framework in Embed Frameworks */,
			);
			name = "Embed Frameworks";
			runOnlyForDeploymentPostprocessing = 0;
		};
		C9EC0F2921B73B6000810DAE /* Embed App Extensions */ = {
			isa = PBXCopyFilesBuildPhase;
			buildActionMask = 2147483647;
			dstPath = "";
			dstSubfolderSpec = 13;
			files = (
				C9EC0F2021B73B6000810DAE /* Run Lua Script.appex in Embed App Extensions */,
			);
			name = "Embed App Extensions";
			runOnlyForDeploymentPostprocessing = 0;
		};
/* End PBXCopyFilesBuildPhase section */

/* Begin PBXFileReference section */
		092469FD9334A0250030D849 /* Pods_Run_Lua_Script.framework */ = {isa = PBXFileReference; explicitFileType = wrapper.framework; includeInIndex = 0; path = Pods_Run_Lua_Script.framework; sourceTree = BUILT_PRODUCTS_DIR; };
		4CAB930C80137560BA7C1F4A /* Pods-Luade.release.xcconfig */ = {isa = PBXFileReference; includeInIndex = 1; lastKnownFileType = text.xcconfig; name = "Pods-Luade.release.xcconfig"; path = "Pods/Target Support Files/Pods-Luade/Pods-Luade.release.xcconfig"; sourceTree = "<group>"; };
		A6A7A24FFBFBE6ACCD8579D8 /* Pods-Run Lua Script.release.xcconfig */ = {isa = PBXFileReference; includeInIndex = 1; lastKnownFileType = text.xcconfig; name = "Pods-Run Lua Script.release.xcconfig"; path = "Pods/Target Support Files/Pods-Run Lua Script/Pods-Run Lua Script.release.xcconfig"; sourceTree = "<group>"; };
		B32772B42990131715C6839E /* Pods-Run Lua Script.debug.xcconfig */ = {isa = PBXFileReference; includeInIndex = 1; lastKnownFileType = text.xcconfig; name = "Pods-Run Lua Script.debug.xcconfig"; path = "Pods/Target Support Files/Pods-Run Lua Script/Pods-Run Lua Script.debug.xcconfig"; sourceTree = "<group>"; };
		BD4E40A86137E78995F777A0 /* Pods_Luade.framework */ = {isa = PBXFileReference; explicitFileType = wrapper.framework; includeInIndex = 0; path = Pods_Luade.framework; sourceTree = BUILT_PRODUCTS_DIR; };
		C93634B521BC3CE100785AC8 /* pasteboard.m */ = {isa = PBXFileReference; fileEncoding = 4; lastKnownFileType = sourcecode.c.objc; path = pasteboard.m; sourceTree = "<group>"; };
		C93634B621BC3CE100785AC8 /* pasteboard.h */ = {isa = PBXFileReference; fileEncoding = 4; lastKnownFileType = sourcecode.c.h; path = pasteboard.h; sourceTree = "<group>"; };
		C93634BA21BC4B8400785AC8 /* DocumentationViewController.swift */ = {isa = PBXFileReference; lastKnownFileType = sourcecode.swift; path = DocumentationViewController.swift; sourceTree = "<group>"; };
		C93634BC21BC4BCA00785AC8 /* docs */ = {isa = PBXFileReference; lastKnownFileType = folder; path = docs; sourceTree = SOURCE_ROOT; };
		C93634BF21BC4FCE00785AC8 /* Help.lua */ = {isa = PBXFileReference; lastKnownFileType = text; path = Help.lua; sourceTree = "<group>"; };
		C93634C221BC582500785AC8 /* Samples */ = {isa = PBXFileReference; lastKnownFileType = folder; path = Samples; sourceTree = "<group>"; };
		C93872C621B08D9500780FBE /* ReviewHelper.swift */ = {isa = PBXFileReference; fileEncoding = 4; lastKnownFileType = sourcecode.swift; path = ReviewHelper.swift; sourceTree = "<group>"; };
		C9647FAE21AB65C2005765C2 /* REPLConsoleViewController.swift */ = {isa = PBXFileReference; lastKnownFileType = sourcecode.swift; path = REPLConsoleViewController.swift; sourceTree = "<group>"; };
		C9647FB021AB6CC9005765C2 /* Main.storyboard */ = {isa = PBXFileReference; lastKnownFileType = file.storyboard; path = Main.storyboard; sourceTree = "<group>"; };
		C98F343F21B88E57009BE421 /* Share Sheet Example.lua */ = {isa = PBXFileReference; lastKnownFileType = text; path = "Share Sheet Example.lua"; sourceTree = "<group>"; };
		C98F344121B897DA009BE421 /* Share Sheet README.lua */ = {isa = PBXFileReference; lastKnownFileType = text; path = "Share Sheet README.lua"; sourceTree = "<group>"; };
		C990242C21B8A40200AA5370 /* commandDictionary.plist */ = {isa = PBXFileReference; fileEncoding = 4; lastKnownFileType = text.plist.xml; path = commandDictionary.plist; sourceTree = "<group>"; };
		C990243621B8B79900AA5370 /* Lua.framework */ = {isa = PBXFileReference; explicitFileType = wrapper.framework; includeInIndex = 0; path = Lua.framework; sourceTree = BUILT_PRODUCTS_DIR; };
		C990243921B8B79A00AA5370 /* Info.plist */ = {isa = PBXFileReference; lastKnownFileType = text.plist.xml; path = Info.plist; sourceTree = "<group>"; };
		C990246F21B992BE00AA5370 /* device.h */ = {isa = PBXFileReference; fileEncoding = 4; lastKnownFileType = sourcecode.c.h; path = device.h; sourceTree = "<group>"; };
		C990247021B992BE00AA5370 /* device.m */ = {isa = PBXFileReference; fileEncoding = 4; lastKnownFileType = sourcecode.c.objc; path = device.m; sourceTree = "<group>"; };
		C9A0966121AE134C00A03454 /* ConsolePanelLayout.swift */ = {isa = PBXFileReference; lastKnownFileType = sourcecode.swift; path = ConsolePanelLayout.swift; sourceTree = "<group>"; };
		C9A23F0321AF14A600DA10D1 /* LuaDelegate.swift */ = {isa = PBXFileReference; lastKnownFileType = sourcecode.swift; path = LuaDelegate.swift; sourceTree = "<group>"; };
		C9BC6D4021AB2911006CB876 /* Luade.app */ = {isa = PBXFileReference; explicitFileType = wrapper.application; includeInIndex = 0; path = Luade.app; sourceTree = BUILT_PRODUCTS_DIR; };
		C9BC6D4321AB2911006CB876 /* AppDelegate.swift */ = {isa = PBXFileReference; lastKnownFileType = sourcecode.swift; path = AppDelegate.swift; sourceTree = "<group>"; };
		C9BC6D4A21AB2913006CB876 /* Assets.xcassets */ = {isa = PBXFileReference; lastKnownFileType = folder.assetcatalog; path = Assets.xcassets; sourceTree = "<group>"; };
		C9BC6D4D21AB2913006CB876 /* Base */ = {isa = PBXFileReference; lastKnownFileType = file.storyboard; name = Base; path = Base.lproj/LaunchScreen.storyboard; sourceTree = "<group>"; };
		C9BC6D4F21AB2913006CB876 /* Info.plist */ = {isa = PBXFileReference; lastKnownFileType = text.plist.xml; path = Info.plist; sourceTree = "<group>"; };
		C9BC6D5521AB2A22006CB876 /* ios_system.xcodeproj */ = {isa = PBXFileReference; lastKnownFileType = "wrapper.pb-project"; name = ios_system.xcodeproj; path = ios_system/ios_system.xcodeproj; sourceTree = "<group>"; };
		C9BC6D8B21AB3D60006CB876 /* Luade-Bridging-Header.h */ = {isa = PBXFileReference; lastKnownFileType = sourcecode.c.h; path = "Luade-Bridging-Header.h"; sourceTree = "<group>"; };
		C9BC6D8C21AB3D62006CB876 /* ldebug.h */ = {isa = PBXFileReference; fileEncoding = 4; lastKnownFileType = sourcecode.c.h; path = ldebug.h; sourceTree = "<group>"; };
		C9BC6D8D21AB3D62006CB876 /* lbitlib.c */ = {isa = PBXFileReference; fileEncoding = 4; lastKnownFileType = sourcecode.c.c; path = lbitlib.c; sourceTree = "<group>"; };
		C9BC6D8E21AB3D62006CB876 /* liolib.c */ = {isa = PBXFileReference; fileEncoding = 4; lastKnownFileType = sourcecode.c.c; path = liolib.c; sourceTree = "<group>"; };
		C9BC6D8F21AB3D62006CB876 /* lapi.c */ = {isa = PBXFileReference; fileEncoding = 4; lastKnownFileType = sourcecode.c.c; path = lapi.c; sourceTree = "<group>"; };
		C9BC6D9021AB3D62006CB876 /* lprefix.h */ = {isa = PBXFileReference; fileEncoding = 4; lastKnownFileType = sourcecode.c.h; path = lprefix.h; sourceTree = "<group>"; };
		C9BC6D9121AB3D62006CB876 /* llimits.h */ = {isa = PBXFileReference; fileEncoding = 4; lastKnownFileType = sourcecode.c.h; path = llimits.h; sourceTree = "<group>"; };
		C9BC6D9221AB3D62006CB876 /* loslib.c */ = {isa = PBXFileReference; fileEncoding = 4; lastKnownFileType = sourcecode.c.c; path = loslib.c; sourceTree = "<group>"; };
		C9BC6D9321AB3D63006CB876 /* lua.c */ = {isa = PBXFileReference; fileEncoding = 4; lastKnownFileType = sourcecode.c.c; path = lua.c; sourceTree = "<group>"; };
		C9BC6D9421AB3D63006CB876 /* ltablib.c */ = {isa = PBXFileReference; fileEncoding = 4; lastKnownFileType = sourcecode.c.c; path = ltablib.c; sourceTree = "<group>"; };
		C9BC6D9521AB3D63006CB876 /* lfunc.c */ = {isa = PBXFileReference; fileEncoding = 4; lastKnownFileType = sourcecode.c.c; path = lfunc.c; sourceTree = "<group>"; };
		C9BC6D9621AB3D63006CB876 /* llex.h */ = {isa = PBXFileReference; fileEncoding = 4; lastKnownFileType = sourcecode.c.h; path = llex.h; sourceTree = "<group>"; };
		C9BC6D9721AB3D63006CB876 /* lopcodes.h */ = {isa = PBXFileReference; fileEncoding = 4; lastKnownFileType = sourcecode.c.h; path = lopcodes.h; sourceTree = "<group>"; };
		C9BC6D9821AB3D63006CB876 /* lutf8lib.c */ = {isa = PBXFileReference; fileEncoding = 4; lastKnownFileType = sourcecode.c.c; path = lutf8lib.c; sourceTree = "<group>"; };
		C9BC6D9921AB3D63006CB876 /* lauxlib.h */ = {isa = PBXFileReference; fileEncoding = 4; lastKnownFileType = sourcecode.c.h; path = lauxlib.h; sourceTree = "<group>"; };
		C9BC6D9A21AB3D63006CB876 /* lstate.h */ = {isa = PBXFileReference; fileEncoding = 4; lastKnownFileType = sourcecode.c.h; path = lstate.h; sourceTree = "<group>"; };
		C9BC6D9B21AB3D64006CB876 /* ltests.h */ = {isa = PBXFileReference; fileEncoding = 4; lastKnownFileType = sourcecode.c.h; path = ltests.h; sourceTree = "<group>"; };
		C9BC6D9C21AB3D64006CB876 /* lzio.c */ = {isa = PBXFileReference; fileEncoding = 4; lastKnownFileType = sourcecode.c.c; path = lzio.c; sourceTree = "<group>"; };
		C9BC6D9D21AB3D64006CB876 /* lcorolib.c */ = {isa = PBXFileReference; fileEncoding = 4; lastKnownFileType = sourcecode.c.c; path = lcorolib.c; sourceTree = "<group>"; };
		C9BC6D9E21AB3D64006CB876 /* lmem.h */ = {isa = PBXFileReference; fileEncoding = 4; lastKnownFileType = sourcecode.c.h; path = lmem.h; sourceTree = "<group>"; };
		C9BC6D9F21AB3D64006CB876 /* lstring.c */ = {isa = PBXFileReference; fileEncoding = 4; lastKnownFileType = sourcecode.c.c; path = lstring.c; sourceTree = "<group>"; };
		C9BC6DA021AB3D64006CB876 /* lvm.c */ = {isa = PBXFileReference; fileEncoding = 4; lastKnownFileType = sourcecode.c.c; path = lvm.c; sourceTree = "<group>"; };
		C9BC6DA121AB3D64006CB876 /* lapi.h */ = {isa = PBXFileReference; fileEncoding = 4; lastKnownFileType = sourcecode.c.h; path = lapi.h; sourceTree = "<group>"; };
		C9BC6DA221AB3D65006CB876 /* lstate.c */ = {isa = PBXFileReference; fileEncoding = 4; lastKnownFileType = sourcecode.c.c; path = lstate.c; sourceTree = "<group>"; };
		C9BC6DA321AB3D65006CB876 /* luaconf.h */ = {isa = PBXFileReference; fileEncoding = 4; lastKnownFileType = sourcecode.c.h; path = luaconf.h; sourceTree = "<group>"; };
		C9BC6DA421AB3D65006CB876 /* lfunc.h */ = {isa = PBXFileReference; fileEncoding = 4; lastKnownFileType = sourcecode.c.h; path = lfunc.h; sourceTree = "<group>"; };
		C9BC6DA521AB3D65006CB876 /* ltm.h */ = {isa = PBXFileReference; fileEncoding = 4; lastKnownFileType = sourcecode.c.h; path = ltm.h; sourceTree = "<group>"; };
		C9BC6DA621AB3D65006CB876 /* lobject.h */ = {isa = PBXFileReference; fileEncoding = 4; lastKnownFileType = sourcecode.c.h; path = lobject.h; sourceTree = "<group>"; };
		C9BC6DA721AB3D65006CB876 /* llex.c */ = {isa = PBXFileReference; fileEncoding = 4; lastKnownFileType = sourcecode.c.c; path = llex.c; sourceTree = "<group>"; };
		C9BC6DA821AB3D65006CB876 /* ltable.h */ = {isa = PBXFileReference; fileEncoding = 4; lastKnownFileType = sourcecode.c.h; path = ltable.h; sourceTree = "<group>"; };
		C9BC6DA921AB3D66006CB876 /* lparser.c */ = {isa = PBXFileReference; fileEncoding = 4; lastKnownFileType = sourcecode.c.c; path = lparser.c; sourceTree = "<group>"; };
		C9BC6DAA21AB3D66006CB876 /* lgc.c */ = {isa = PBXFileReference; fileEncoding = 4; lastKnownFileType = sourcecode.c.c; path = lgc.c; sourceTree = "<group>"; };
		C9BC6DAB21AB3D66006CB876 /* lualib.h */ = {isa = PBXFileReference; fileEncoding = 4; lastKnownFileType = sourcecode.c.h; path = lualib.h; sourceTree = "<group>"; };
		C9BC6DAC21AB3D66006CB876 /* lundump.h */ = {isa = PBXFileReference; fileEncoding = 4; lastKnownFileType = sourcecode.c.h; path = lundump.h; sourceTree = "<group>"; };
		C9BC6DAD21AB3D66006CB876 /* lstring.h */ = {isa = PBXFileReference; fileEncoding = 4; lastKnownFileType = sourcecode.c.h; path = lstring.h; sourceTree = "<group>"; };
		C9BC6DAE21AB3D66006CB876 /* loadlib.c */ = {isa = PBXFileReference; fileEncoding = 4; lastKnownFileType = sourcecode.c.c; path = loadlib.c; sourceTree = "<group>"; };
		C9BC6DAF21AB3D66006CB876 /* lgc.h */ = {isa = PBXFileReference; fileEncoding = 4; lastKnownFileType = sourcecode.c.h; path = lgc.h; sourceTree = "<group>"; };
		C9BC6DB021AB3D67006CB876 /* lmem.c */ = {isa = PBXFileReference; fileEncoding = 4; lastKnownFileType = sourcecode.c.c; path = lmem.c; sourceTree = "<group>"; };
		C9BC6DB121AB3D67006CB876 /* lobject.c */ = {isa = PBXFileReference; fileEncoding = 4; lastKnownFileType = sourcecode.c.c; path = lobject.c; sourceTree = "<group>"; };
		C9BC6DB221AB3D67006CB876 /* lauxlib.c */ = {isa = PBXFileReference; fileEncoding = 4; lastKnownFileType = sourcecode.c.c; path = lauxlib.c; sourceTree = "<group>"; };
		C9BC6DB321AB3D67006CB876 /* ldo.h */ = {isa = PBXFileReference; fileEncoding = 4; lastKnownFileType = sourcecode.c.h; path = ldo.h; sourceTree = "<group>"; };
		C9BC6DB421AB3D68006CB876 /* ltm.c */ = {isa = PBXFileReference; fileEncoding = 4; lastKnownFileType = sourcecode.c.c; path = ltm.c; sourceTree = "<group>"; };
		C9BC6DB521AB3D68006CB876 /* lzio.h */ = {isa = PBXFileReference; fileEncoding = 4; lastKnownFileType = sourcecode.c.h; path = lzio.h; sourceTree = "<group>"; };
		C9BC6DB621AB3D68006CB876 /* lctype.h */ = {isa = PBXFileReference; fileEncoding = 4; lastKnownFileType = sourcecode.c.h; path = lctype.h; sourceTree = "<group>"; };
		C9BC6DB721AB3D68006CB876 /* ldump.c */ = {isa = PBXFileReference; fileEncoding = 4; lastKnownFileType = sourcecode.c.c; path = ldump.c; sourceTree = "<group>"; };
		C9BC6DB821AB3D69006CB876 /* lbaselib.c */ = {isa = PBXFileReference; fileEncoding = 4; lastKnownFileType = sourcecode.c.c; path = lbaselib.c; sourceTree = "<group>"; };
		C9BC6DB921AB3D69006CB876 /* lctype.c */ = {isa = PBXFileReference; fileEncoding = 4; lastKnownFileType = sourcecode.c.c; path = lctype.c; sourceTree = "<group>"; };
		C9BC6DBA21AB3D69006CB876 /* lstrlib.c */ = {isa = PBXFileReference; fileEncoding = 4; lastKnownFileType = sourcecode.c.c; path = lstrlib.c; sourceTree = "<group>"; };
		C9BC6DBB21AB3D69006CB876 /* ltable.c */ = {isa = PBXFileReference; fileEncoding = 4; lastKnownFileType = sourcecode.c.c; path = ltable.c; sourceTree = "<group>"; };
		C9BC6DBC21AB3D69006CB876 /* lcode.h */ = {isa = PBXFileReference; fileEncoding = 4; lastKnownFileType = sourcecode.c.h; path = lcode.h; sourceTree = "<group>"; };
		C9BC6DBD21AB3D6A006CB876 /* linit.c */ = {isa = PBXFileReference; fileEncoding = 4; lastKnownFileType = sourcecode.c.c; path = linit.c; sourceTree = "<group>"; };
		C9BC6DBE21AB3D6A006CB876 /* lopcodes.c */ = {isa = PBXFileReference; fileEncoding = 4; lastKnownFileType = sourcecode.c.c; path = lopcodes.c; sourceTree = "<group>"; };
		C9BC6DBF21AB3D6A006CB876 /* lparser.h */ = {isa = PBXFileReference; fileEncoding = 4; lastKnownFileType = sourcecode.c.h; path = lparser.h; sourceTree = "<group>"; };
		C9BC6DC021AB3D6A006CB876 /* ltests.c */ = {isa = PBXFileReference; fileEncoding = 4; lastKnownFileType = sourcecode.c.c; path = ltests.c; sourceTree = "<group>"; };
		C9BC6DC121AB3D6A006CB876 /* ldebug.c */ = {isa = PBXFileReference; fileEncoding = 4; lastKnownFileType = sourcecode.c.c; path = ldebug.c; sourceTree = "<group>"; };
		C9BC6DC221AB3D6B006CB876 /* lua.h */ = {isa = PBXFileReference; fileEncoding = 4; lastKnownFileType = sourcecode.c.h; path = lua.h; sourceTree = "<group>"; };
		C9BC6DC321AB3D6B006CB876 /* lvm.h */ = {isa = PBXFileReference; fileEncoding = 4; lastKnownFileType = sourcecode.c.h; path = lvm.h; sourceTree = "<group>"; };
		C9BC6DC421AB3D6B006CB876 /* ljumptab.h */ = {isa = PBXFileReference; fileEncoding = 4; lastKnownFileType = sourcecode.c.h; path = ljumptab.h; sourceTree = "<group>"; };
		C9BC6DC521AB3D6B006CB876 /* ldblib.c */ = {isa = PBXFileReference; fileEncoding = 4; lastKnownFileType = sourcecode.c.c; path = ldblib.c; sourceTree = "<group>"; };
		C9BC6DC621AB3D6B006CB876 /* lundump.c */ = {isa = PBXFileReference; fileEncoding = 4; lastKnownFileType = sourcecode.c.c; path = lundump.c; sourceTree = "<group>"; };
		C9BC6DC721AB3D6C006CB876 /* lmathlib.c */ = {isa = PBXFileReference; fileEncoding = 4; lastKnownFileType = sourcecode.c.c; path = lmathlib.c; sourceTree = "<group>"; };
		C9BC6DC821AB3D6C006CB876 /* lcode.c */ = {isa = PBXFileReference; fileEncoding = 4; lastKnownFileType = sourcecode.c.c; path = lcode.c; sourceTree = "<group>"; };
		C9BC6DC921AB3D6C006CB876 /* ldo.c */ = {isa = PBXFileReference; fileEncoding = 4; lastKnownFileType = sourcecode.c.c; path = ldo.c; sourceTree = "<group>"; };
		C9BC6DF121AB3E56006CB876 /* ios_error.h */ = {isa = PBXFileReference; lastKnownFileType = sourcecode.c.h; path = ios_error.h; sourceTree = "<group>"; };
		C9BC6DF321AB3EE1006CB876 /* ios_system.framework */ = {isa = PBXFileReference; explicitFileType = wrapper.framework; path = ios_system.framework; sourceTree = BUILT_PRODUCTS_DIR; };
		C9BC6DFE21AB4EFB006CB876 /* Untitled.lua */ = {isa = PBXFileReference; lastKnownFileType = text; path = Untitled.lua; sourceTree = "<group>"; };
		C9BC6E0021AB5804006CB876 /* ConsoleViewController.swift */ = {isa = PBXFileReference; fileEncoding = 4; lastKnownFileType = sourcecode.swift; path = ConsoleViewController.swift; sourceTree = "<group>"; };
		C9BC6E0221AB5829006CB876 /* ConsoleTextView.swift */ = {isa = PBXFileReference; fileEncoding = 4; lastKnownFileType = sourcecode.swift; path = ConsoleTextView.swift; sourceTree = "<group>"; };
		C9BC6E0421AB585D006CB876 /* UIWindow.swift */ = {isa = PBXFileReference; fileEncoding = 4; lastKnownFileType = sourcecode.swift; path = UIWindow.swift; sourceTree = "<group>"; };
		C9BC6E0621AB5A21006CB876 /* IO.swift */ = {isa = PBXFileReference; lastKnownFileType = sourcecode.swift; path = IO.swift; sourceTree = "<group>"; };
		C9C721A921B9D204003CDF36 /* lua_viewController.m */ = {isa = PBXFileReference; lastKnownFileType = sourcecode.c.objc; path = lua_viewController.m; sourceTree = "<group>"; };
		C9C721AB21B9D228003CDF36 /* lua_viewController.h */ = {isa = PBXFileReference; fileEncoding = 4; lastKnownFileType = sourcecode.c.h; path = lua_viewController.h; sourceTree = "<group>"; };
		C9EA90AA21ADE25A00F87F66 /* DocumentBrowserViewController.swift */ = {isa = PBXFileReference; fileEncoding = 4; lastKnownFileType = sourcecode.swift; path = DocumentBrowserViewController.swift; sourceTree = "<group>"; };
		C9EA90AC21ADE28A00F87F66 /* FileCollectionViewCell.swift */ = {isa = PBXFileReference; fileEncoding = 4; lastKnownFileType = sourcecode.swift; path = FileCollectionViewCell.swift; sourceTree = "<group>"; };
		C9EA90AE21ADE29600F87F66 /* Localizable.strings */ = {isa = PBXFileReference; fileEncoding = 10; lastKnownFileType = text.plist.strings; path = Localizable.strings; sourceTree = "<group>"; };
		C9EA90B221ADE5E700F87F66 /* Pods.xcodeproj */ = {isa = PBXFileReference; lastKnownFileType = "wrapper.pb-project"; name = Pods.xcodeproj; path = Pods/Pods.xcodeproj; sourceTree = "<group>"; };
		C9EA90C021ADE67C00F87F66 /* Localizable.swift */ = {isa = PBXFileReference; fileEncoding = 4; lastKnownFileType = sourcecode.swift; path = Localizable.swift; sourceTree = "<group>"; };
		C9EA90C521ADE8C700F87F66 /* lua_copyright.h */ = {isa = PBXFileReference; lastKnownFileType = sourcecode.c.h; path = lua_copyright.h; sourceTree = "<group>"; };
		C9EA90C621ADE8C700F87F66 /* lua_copyright.c */ = {isa = PBXFileReference; lastKnownFileType = sourcecode.c.c; path = lua_copyright.c; sourceTree = "<group>"; };
		C9EA90C921ADEBF300F87F66 /* Lua.swift */ = {isa = PBXFileReference; lastKnownFileType = sourcecode.swift; path = Lua.swift; sourceTree = "<group>"; };
		C9EA90CB21ADECDD00F87F66 /* LuaDocument.swift */ = {isa = PBXFileReference; fileEncoding = 4; lastKnownFileType = sourcecode.swift; path = LuaDocument.swift; sourceTree = "<group>"; };
		C9EA90CD21ADED1300F87F66 /* EditorViewController.swift */ = {isa = PBXFileReference; fileEncoding = 4; lastKnownFileType = sourcecode.swift; path = EditorViewController.swift; sourceTree = "<group>"; };
		C9EA90CF21ADF00600F87F66 /* RelativePathForScript.swift */ = {isa = PBXFileReference; fileEncoding = 4; lastKnownFileType = sourcecode.swift; path = RelativePathForScript.swift; sourceTree = "<group>"; };
		C9EA90D121ADF07F00F87F66 /* UITextView+currentWord.swift */ = {isa = PBXFileReference; fileEncoding = 4; lastKnownFileType = sourcecode.swift; path = "UITextView+currentWord.swift"; sourceTree = "<group>"; };
		C9EA90D321ADF0A700F87F66 /* String.swift */ = {isa = PBXFileReference; fileEncoding = 4; lastKnownFileType = sourcecode.swift; path = String.swift; sourceTree = "<group>"; };
		C9EA90D721ADF3E200F87F66 /* LuaLexer.swift */ = {isa = PBXFileReference; lastKnownFileType = sourcecode.swift; path = LuaLexer.swift; sourceTree = "<group>"; };
		C9EC0F0D21B7379500810DAE /* Luade.entitlements */ = {isa = PBXFileReference; lastKnownFileType = text.plist.entitlements; path = Luade.entitlements; sourceTree = "<group>"; };
		C9EC0F1621B73B6000810DAE /* Run Lua Script.appex */ = {isa = PBXFileReference; explicitFileType = "wrapper.app-extension"; includeInIndex = 0; path = "Run Lua Script.appex"; sourceTree = BUILT_PRODUCTS_DIR; };
		C9EC0F1B21B73B6000810DAE /* Base */ = {isa = PBXFileReference; lastKnownFileType = file.storyboard; name = Base; path = Base.lproj/MainInterface.storyboard; sourceTree = "<group>"; };
		C9EC0F1D21B73B6000810DAE /* Info.plist */ = {isa = PBXFileReference; lastKnownFileType = text.plist.xml; path = Info.plist; sourceTree = "<group>"; };
		C9EC0F7221B8500800810DAE /* Run Lua Script.entitlements */ = {isa = PBXFileReference; lastKnownFileType = text.plist.entitlements; path = "Run Lua Script.entitlements"; sourceTree = "<group>"; };
		C9EC0F7421B85F6000810DAE /* sharesheet.m */ = {isa = PBXFileReference; lastKnownFileType = sourcecode.c.objc; path = sharesheet.m; sourceTree = "<group>"; };
		C9EC0F7621B8697D00810DAE /* sharesheet.h */ = {isa = PBXFileReference; lastKnownFileType = sourcecode.c.h; path = sharesheet.h; sourceTree = "<group>"; };
		C9EC0F7721B86E4200810DAE /* lua_extensionContext.m */ = {isa = PBXFileReference; lastKnownFileType = sourcecode.c.objc; path = lua_extensionContext.m; sourceTree = "<group>"; };
		C9EC0F7921B86E8900810DAE /* lua_extensionContext.h */ = {isa = PBXFileReference; lastKnownFileType = sourcecode.c.h; path = lua_extensionContext.h; sourceTree = "<group>"; };
		F70489BA28CB49B0B7A5DA68 /* Pods-Luade.debug.xcconfig */ = {isa = PBXFileReference; includeInIndex = 1; lastKnownFileType = text.xcconfig; name = "Pods-Luade.debug.xcconfig"; path = "Pods/Target Support Files/Pods-Luade/Pods-Luade.debug.xcconfig"; sourceTree = "<group>"; };
/* End PBXFileReference section */

/* Begin PBXFrameworksBuildPhase section */
		C990243321B8B79900AA5370 /* Frameworks */ = {
			isa = PBXFrameworksBuildPhase;
			buildActionMask = 2147483647;
			files = (
				C990246721B8B87100AA5370 /* ios_system.framework in Frameworks */,
			);
			runOnlyForDeploymentPostprocessing = 0;
		};
		C9BC6D3D21AB2911006CB876 /* Frameworks */ = {
			isa = PBXFrameworksBuildPhase;
			buildActionMask = 2147483647;
			files = (
				C990243D21B8B79A00AA5370 /* Lua.framework in Frameworks */,
				C9BC6DF921AB4591006CB876 /* ios_system.framework in Frameworks */,
				DC1F88E10FE5055CA5EAB5A4 /* Pods_Luade.framework in Frameworks */,
			);
			runOnlyForDeploymentPostprocessing = 0;
		};
		C9EC0F1321B73B6000810DAE /* Frameworks */ = {
			isa = PBXFrameworksBuildPhase;
			buildActionMask = 2147483647;
			files = (
				C9C721A821B9BC2E003CDF36 /* Lua.framework in Frameworks */,
				C9EC0F4C21B74A5B00810DAE /* ios_system.framework in Frameworks */,
				7099F1185CAF33947B6E1759 /* Pods_Run_Lua_Script.framework in Frameworks */,
			);
			runOnlyForDeploymentPostprocessing = 0;
		};
/* End PBXFrameworksBuildPhase section */

/* Begin PBXGroup section */
		56DE6EE1FD34334449B256A2 /* Pods */ = {
			isa = PBXGroup;
			children = (
				F70489BA28CB49B0B7A5DA68 /* Pods-Luade.debug.xcconfig */,
				4CAB930C80137560BA7C1F4A /* Pods-Luade.release.xcconfig */,
				B32772B42990131715C6839E /* Pods-Run Lua Script.debug.xcconfig */,
				A6A7A24FFBFBE6ACCD8579D8 /* Pods-Run Lua Script.release.xcconfig */,
			);
			name = Pods;
			sourceTree = "<group>";
		};
		C93634AB21BC3C4800785AC8 /* pasteboard library */ = {
			isa = PBXGroup;
			children = (
				C93634B621BC3CE100785AC8 /* pasteboard.h */,
				C93634B521BC3CE100785AC8 /* pasteboard.m */,
			);
			path = "pasteboard library";
			sourceTree = "<group>";
		};
		C9647FB221AB6D93005765C2 /* Resources */ = {
			isa = PBXGroup;
			children = (
				C93634BC21BC4BCA00785AC8 /* docs */,
				C990242C21B8A40200AA5370 /* commandDictionary.plist */,
				C9BC6D4A21AB2913006CB876 /* Assets.xcassets */,
				C9647FB021AB6CC9005765C2 /* Main.storyboard */,
				C9BC6D4C21AB2913006CB876 /* LaunchScreen.storyboard */,
				C9BC6D4F21AB2913006CB876 /* Info.plist */,
				C9BC6DFE21AB4EFB006CB876 /* Untitled.lua */,
				C98F343F21B88E57009BE421 /* Share Sheet Example.lua */,
				C98F344121B897DA009BE421 /* Share Sheet README.lua */,
				C93634BF21BC4FCE00785AC8 /* Help.lua */,
				C93634C221BC582500785AC8 /* Samples */,
				C9EA90AE21ADE29600F87F66 /* Localizable.strings */,
			);
			name = Resources;
			sourceTree = "<group>";
		};
		C9647FB321AB6DAB005765C2 /* View controllers */ = {
			isa = PBXGroup;
			children = (
				C9EA90AA21ADE25A00F87F66 /* DocumentBrowserViewController.swift */,
				C9EA90CD21ADED1300F87F66 /* EditorViewController.swift */,
				C9BC6E0021AB5804006CB876 /* ConsoleViewController.swift */,
				C9647FAE21AB65C2005765C2 /* REPLConsoleViewController.swift */,
				C93634BA21BC4B8400785AC8 /* DocumentationViewController.swift */,
			);
			path = "View controllers";
			sourceTree = "<group>";
		};
		C9647FB421AB6DBC005765C2 /* Models */ = {
			isa = PBXGroup;
			children = (
				C9BC6E0621AB5A21006CB876 /* IO.swift */,
				C9EA90C021ADE67C00F87F66 /* Localizable.swift */,
				C9EA90CB21ADECDD00F87F66 /* LuaDocument.swift */,
				C9EA90D721ADF3E200F87F66 /* LuaLexer.swift */,
				C9A0966121AE134C00A03454 /* ConsolePanelLayout.swift */,
				C9A23F0321AF14A600DA10D1 /* LuaDelegate.swift */,
			);
			path = Models;
			sourceTree = "<group>";
		};
		C9647FB521AB6DCB005765C2 /* Views */ = {
			isa = PBXGroup;
			children = (
				C9EA90AC21ADE28A00F87F66 /* FileCollectionViewCell.swift */,
				C9BC6E0221AB5829006CB876 /* ConsoleTextView.swift */,
			);
			path = Views;
			sourceTree = "<group>";
		};
		C9647FB721AB6DD8005765C2 /* Extensions */ = {
			isa = PBXGroup;
			children = (
				C9EA90D121ADF07F00F87F66 /* UITextView+currentWord.swift */,
				C9BC6E0421AB585D006CB876 /* UIWindow.swift */,
				C9EA90D321ADF0A700F87F66 /* String.swift */,
			);
			path = Extensions;
			sourceTree = "<group>";
		};
		C98F343E21B88681009BE421 /* sharesheet library */ = {
			isa = PBXGroup;
			children = (
				C9EC0F7621B8697D00810DAE /* sharesheet.h */,
				C9EC0F7421B85F6000810DAE /* sharesheet.m */,
				C9C721A921B9D204003CDF36 /* lua_viewController.m */,
				C9C721AB21B9D228003CDF36 /* lua_viewController.h */,
				C9EC0F7721B86E4200810DAE /* lua_extensionContext.m */,
				C9EC0F7921B86E8900810DAE /* lua_extensionContext.h */,
			);
			path = "sharesheet library";
			sourceTree = "<group>";
		};
		C990243721B8B79A00AA5370 /* Lua */ = {
			isa = PBXGroup;
			children = (
				C990243921B8B79A00AA5370 /* Info.plist */,
			);
			path = Lua;
			sourceTree = "<group>";
		};
		C990246E21B992BE00AA5370 /* device library */ = {
			isa = PBXGroup;
			children = (
				C990246F21B992BE00AA5370 /* device.h */,
				C990247021B992BE00AA5370 /* device.m */,
			);
			path = "device library";
			sourceTree = "<group>";
		};
		C9BC6D3721AB2911006CB876 = {
			isa = PBXGroup;
			children = (
				C9EA90B221ADE5E700F87F66 /* Pods.xcodeproj */,
				C9BC6D5521AB2A22006CB876 /* ios_system.xcodeproj */,
				C9BC6D4221AB2911006CB876 /* Luade */,
				C9EC0F1721B73B6000810DAE /* Run Lua Script */,
				C990243721B8B79A00AA5370 /* Lua */,
				C9BC6D4121AB2911006CB876 /* Products */,
				C9BC6DF221AB3EE1006CB876 /* Frameworks */,
				56DE6EE1FD34334449B256A2 /* Pods */,
			);
			sourceTree = "<group>";
		};
		C9BC6D4121AB2911006CB876 /* Products */ = {
			isa = PBXGroup;
			children = (
				C9BC6D4021AB2911006CB876 /* Luade.app */,
				C9EC0F1621B73B6000810DAE /* Run Lua Script.appex */,
				C990243621B8B79900AA5370 /* Lua.framework */,
			);
			name = Products;
			sourceTree = "<group>";
		};
		C9BC6D4221AB2911006CB876 /* Luade */ = {
			isa = PBXGroup;
			children = (
				C9EC0F0D21B7379500810DAE /* Luade.entitlements */,
				C9BC6D8A21AB3D42006CB876 /* lua */,
				C98F343E21B88681009BE421 /* sharesheet library */,
				C990246E21B992BE00AA5370 /* device library */,
				C93634AB21BC3C4800785AC8 /* pasteboard library */,
				C9EA90C521ADE8C700F87F66 /* lua_copyright.h */,
				C9EA90C621ADE8C700F87F66 /* lua_copyright.c */,
				C9EA90C821ADEBE900F87F66 /* Singletons */,
				C9647FB321AB6DAB005765C2 /* View controllers */,
				C9647FB521AB6DCB005765C2 /* Views */,
				C9647FB421AB6DBC005765C2 /* Models */,
				C9647FB721AB6DD8005765C2 /* Extensions */,
				C9EA90CF21ADF00600F87F66 /* RelativePathForScript.swift */,
				C9647FB221AB6D93005765C2 /* Resources */,
				C9BC6D8B21AB3D60006CB876 /* Luade-Bridging-Header.h */,
			);
			path = Luade;
			sourceTree = "<group>";
		};
		C9BC6D5621AB2A22006CB876 /* Products */ = {
			isa = PBXGroup;
			children = (
				C9BC6D5A21AB2A22006CB876 /* ios_system.framework */,
			);
			name = Products;
			sourceTree = "<group>";
		};
		C9BC6D8A21AB3D42006CB876 /* lua */ = {
			isa = PBXGroup;
			children = (
				C9BC6DF121AB3E56006CB876 /* ios_error.h */,
				C9BC6D8F21AB3D62006CB876 /* lapi.c */,
				C9BC6DA121AB3D64006CB876 /* lapi.h */,
				C9BC6DB221AB3D67006CB876 /* lauxlib.c */,
				C9BC6D9921AB3D63006CB876 /* lauxlib.h */,
				C9BC6DB821AB3D69006CB876 /* lbaselib.c */,
				C9BC6D8D21AB3D62006CB876 /* lbitlib.c */,
				C9BC6DC821AB3D6C006CB876 /* lcode.c */,
				C9BC6DBC21AB3D69006CB876 /* lcode.h */,
				C9BC6D9D21AB3D64006CB876 /* lcorolib.c */,
				C9BC6DB921AB3D69006CB876 /* lctype.c */,
				C9BC6DB621AB3D68006CB876 /* lctype.h */,
				C9BC6DC521AB3D6B006CB876 /* ldblib.c */,
				C9BC6DC121AB3D6A006CB876 /* ldebug.c */,
				C9BC6D8C21AB3D62006CB876 /* ldebug.h */,
				C9BC6DC921AB3D6C006CB876 /* ldo.c */,
				C9BC6DB321AB3D67006CB876 /* ldo.h */,
				C9BC6DB721AB3D68006CB876 /* ldump.c */,
				C9BC6D9521AB3D63006CB876 /* lfunc.c */,
				C9BC6DA421AB3D65006CB876 /* lfunc.h */,
				C9BC6DAA21AB3D66006CB876 /* lgc.c */,
				C9BC6DAF21AB3D66006CB876 /* lgc.h */,
				C9BC6DBD21AB3D6A006CB876 /* linit.c */,
				C9BC6D8E21AB3D62006CB876 /* liolib.c */,
				C9BC6DC421AB3D6B006CB876 /* ljumptab.h */,
				C9BC6DA721AB3D65006CB876 /* llex.c */,
				C9BC6D9621AB3D63006CB876 /* llex.h */,
				C9BC6D9121AB3D62006CB876 /* llimits.h */,
				C9BC6DC721AB3D6C006CB876 /* lmathlib.c */,
				C9BC6DB021AB3D67006CB876 /* lmem.c */,
				C9BC6D9E21AB3D64006CB876 /* lmem.h */,
				C9BC6DAE21AB3D66006CB876 /* loadlib.c */,
				C9BC6DB121AB3D67006CB876 /* lobject.c */,
				C9BC6DA621AB3D65006CB876 /* lobject.h */,
				C9BC6DBE21AB3D6A006CB876 /* lopcodes.c */,
				C9BC6D9721AB3D63006CB876 /* lopcodes.h */,
				C9BC6D9221AB3D62006CB876 /* loslib.c */,
				C9BC6DA921AB3D66006CB876 /* lparser.c */,
				C9BC6DBF21AB3D6A006CB876 /* lparser.h */,
				C9BC6D9021AB3D62006CB876 /* lprefix.h */,
				C9BC6DA221AB3D65006CB876 /* lstate.c */,
				C9BC6D9A21AB3D63006CB876 /* lstate.h */,
				C9BC6D9F21AB3D64006CB876 /* lstring.c */,
				C9BC6DAD21AB3D66006CB876 /* lstring.h */,
				C9BC6DBA21AB3D69006CB876 /* lstrlib.c */,
				C9BC6DBB21AB3D69006CB876 /* ltable.c */,
				C9BC6DA821AB3D65006CB876 /* ltable.h */,
				C9BC6D9421AB3D63006CB876 /* ltablib.c */,
				C9BC6DC021AB3D6A006CB876 /* ltests.c */,
				C9BC6D9B21AB3D64006CB876 /* ltests.h */,
				C9BC6DB421AB3D68006CB876 /* ltm.c */,
				C9BC6DA521AB3D65006CB876 /* ltm.h */,
				C9BC6D9321AB3D63006CB876 /* lua.c */,
				C9BC6DC221AB3D6B006CB876 /* lua.h */,
				C9BC6DA321AB3D65006CB876 /* luaconf.h */,
				C9BC6DAB21AB3D66006CB876 /* lualib.h */,
				C9BC6DC621AB3D6B006CB876 /* lundump.c */,
				C9BC6DAC21AB3D66006CB876 /* lundump.h */,
				C9BC6D9821AB3D63006CB876 /* lutf8lib.c */,
				C9BC6DA021AB3D64006CB876 /* lvm.c */,
				C9BC6DC321AB3D6B006CB876 /* lvm.h */,
				C9BC6D9C21AB3D64006CB876 /* lzio.c */,
				C9BC6DB521AB3D68006CB876 /* lzio.h */,
			);
			path = lua;
			sourceTree = "<group>";
		};
		C9BC6DF221AB3EE1006CB876 /* Frameworks */ = {
			isa = PBXGroup;
			children = (
				C9BC6DF321AB3EE1006CB876 /* ios_system.framework */,
				BD4E40A86137E78995F777A0 /* Pods_Luade.framework */,
				092469FD9334A0250030D849 /* Pods_Run_Lua_Script.framework */,
			);
			name = Frameworks;
			sourceTree = "<group>";
		};
		C9EA90B321ADE5E700F87F66 /* Products */ = {
			isa = PBXGroup;
			children = (
				C9A0966921AE134D00A03454 /* FloatingPanel.framework */,
				C9A0966B21AE134D00A03454 /* InputAssistant.framework */,
				C9EA90B921ADE5E800F87F66 /* Pods_Luade.framework */,
				C9EC0F4121B73DE100810DAE /* Pods_Run_Lua_Script.framework */,
				C9EA90BB21ADE5E800F87F66 /* SavannaKit.framework */,
				C9EA90BD21ADE5E800F87F66 /* SourceEditor.framework */,
			);
			name = Products;
			sourceTree = "<group>";
		};
		C9EA90C821ADEBE900F87F66 /* Singletons */ = {
			isa = PBXGroup;
			children = (
				C9BC6D4321AB2911006CB876 /* AppDelegate.swift */,
				C93872C621B08D9500780FBE /* ReviewHelper.swift */,
				C9EA90C921ADEBF300F87F66 /* Lua.swift */,
			);
			path = Singletons;
			sourceTree = "<group>";
		};
		C9EC0F1721B73B6000810DAE /* Run Lua Script */ = {
			isa = PBXGroup;
			children = (
				C9EC0F7221B8500800810DAE /* Run Lua Script.entitlements */,
				C9EC0F1A21B73B6000810DAE /* MainInterface.storyboard */,
				C9EC0F1D21B73B6000810DAE /* Info.plist */,
			);
			path = "Run Lua Script";
			sourceTree = "<group>";
		};
/* End PBXGroup section */

/* Begin PBXHeadersBuildPhase section */
		C990243121B8B79900AA5370 /* Headers */ = {
			isa = PBXHeadersBuildPhase;
			buildActionMask = 2147483647;
			files = (
				C9C721AC21B9D228003CDF36 /* lua_viewController.h in Headers */,
				C990248121B9B98600AA5370 /* lua_extensionContext.h in Headers */,
			);
			runOnlyForDeploymentPostprocessing = 0;
		};
/* End PBXHeadersBuildPhase section */

/* Begin PBXNativeTarget section */
		C990243521B8B79900AA5370 /* Lua */ = {
			isa = PBXNativeTarget;
			buildConfigurationList = C990243F21B8B79A00AA5370 /* Build configuration list for PBXNativeTarget "Lua" */;
			buildPhases = (
				C990243121B8B79900AA5370 /* Headers */,
				C990243221B8B79900AA5370 /* Sources */,
				C990243321B8B79900AA5370 /* Frameworks */,
				C990243421B8B79900AA5370 /* Resources */,
			);
			buildRules = (
			);
			dependencies = (
			);
			name = Lua;
			productName = Lua;
			productReference = C990243621B8B79900AA5370 /* Lua.framework */;
			productType = "com.apple.product-type.framework";
		};
		C9BC6D3F21AB2911006CB876 /* Luade */ = {
			isa = PBXNativeTarget;
			buildConfigurationList = C9BC6D5221AB2913006CB876 /* Build configuration list for PBXNativeTarget "Luade" */;
			buildPhases = (
				6D59E2A80EC24BC71802B3B7 /* [CP] Check Pods Manifest.lock */,
				C9BC6D3C21AB2911006CB876 /* Sources */,
				C9BC6D3D21AB2911006CB876 /* Frameworks */,
				C9BC6D3E21AB2911006CB876 /* Resources */,
				C9BC6D6521AB2B1A006CB876 /* Embed Frameworks */,
				69DDB60A8BE4C07A9BDB3F2A /* [CP] Embed Pods Frameworks */,
				C9EC0F2921B73B6000810DAE /* Embed App Extensions */,
			);
			buildRules = (
			);
			dependencies = (
				C9BC6DFC21AB4591006CB876 /* PBXTargetDependency */,
				C9EC0F1F21B73B6000810DAE /* PBXTargetDependency */,
				C990243C21B8B79A00AA5370 /* PBXTargetDependency */,
			);
			name = Luade;
			productName = Luade;
			productReference = C9BC6D4021AB2911006CB876 /* Luade.app */;
			productType = "com.apple.product-type.application";
		};
		C9EC0F1521B73B6000810DAE /* Run Lua Script */ = {
			isa = PBXNativeTarget;
			buildConfigurationList = C9EC0F2821B73B6000810DAE /* Build configuration list for PBXNativeTarget "Run Lua Script" */;
			buildPhases = (
				F7037D50E9ABDF4171B3DC0A /* [CP] Check Pods Manifest.lock */,
				C9EC0F1221B73B6000810DAE /* Sources */,
				C9EC0F1321B73B6000810DAE /* Frameworks */,
				C9EC0F1421B73B6000810DAE /* Resources */,
			);
			buildRules = (
			);
			dependencies = (
			);
			name = "Run Lua Script";
			productName = "Open With Lua";
			productReference = C9EC0F1621B73B6000810DAE /* Run Lua Script.appex */;
			productType = "com.apple.product-type.app-extension";
		};
/* End PBXNativeTarget section */

/* Begin PBXProject section */
		C9BC6D3821AB2911006CB876 /* Project object */ = {
			isa = PBXProject;
			attributes = {
				LastSwiftUpdateCheck = 1010;
				LastUpgradeCheck = 1010;
				ORGANIZATIONNAME = "Adrian Labbe";
				TargetAttributes = {
					C990243521B8B79900AA5370 = {
						CreatedOnToolsVersion = 10.1;
					};
					C9BC6D3F21AB2911006CB876 = {
						CreatedOnToolsVersion = 10.1;
						LastSwiftMigration = 1010;
						SystemCapabilities = {
							com.apple.ApplicationGroups.iOS = {
								enabled = 1;
							};
						};
					};
					C9EC0F1521B73B6000810DAE = {
						CreatedOnToolsVersion = 10.1;
						SystemCapabilities = {
							com.apple.ApplicationGroups.iOS = {
								enabled = 1;
							};
						};
					};
				};
			};
			buildConfigurationList = C9BC6D3B21AB2911006CB876 /* Build configuration list for PBXProject "Luade" */;
			compatibilityVersion = "Xcode 9.3";
			developmentRegion = en;
			hasScannedForEncodings = 0;
			knownRegions = (
				en,
				Base,
			);
			mainGroup = C9BC6D3721AB2911006CB876;
			productRefGroup = C9BC6D4121AB2911006CB876 /* Products */;
			projectDirPath = "";
			projectReferences = (
				{
					ProductGroup = C9BC6D5621AB2A22006CB876 /* Products */;
					ProjectRef = C9BC6D5521AB2A22006CB876 /* ios_system.xcodeproj */;
				},
				{
					ProductGroup = C9EA90B321ADE5E700F87F66 /* Products */;
					ProjectRef = C9EA90B221ADE5E700F87F66 /* Pods.xcodeproj */;
				},
			);
			projectRoot = "";
			targets = (
				C9BC6D3F21AB2911006CB876 /* Luade */,
				C9EC0F1521B73B6000810DAE /* Run Lua Script */,
				C990243521B8B79900AA5370 /* Lua */,
			);
		};
/* End PBXProject section */

/* Begin PBXReferenceProxy section */
		C9A0966921AE134D00A03454 /* FloatingPanel.framework */ = {
			isa = PBXReferenceProxy;
			fileType = wrapper.framework;
			path = FloatingPanel.framework;
			remoteRef = C9A0966821AE134D00A03454 /* PBXContainerItemProxy */;
			sourceTree = BUILT_PRODUCTS_DIR;
		};
		C9A0966B21AE134D00A03454 /* InputAssistant.framework */ = {
			isa = PBXReferenceProxy;
			fileType = wrapper.framework;
			path = InputAssistant.framework;
			remoteRef = C9A0966A21AE134D00A03454 /* PBXContainerItemProxy */;
			sourceTree = BUILT_PRODUCTS_DIR;
		};
		C9BC6D5A21AB2A22006CB876 /* ios_system.framework */ = {
			isa = PBXReferenceProxy;
			fileType = wrapper.framework;
			path = ios_system.framework;
			remoteRef = C9BC6D5921AB2A22006CB876 /* PBXContainerItemProxy */;
			sourceTree = BUILT_PRODUCTS_DIR;
		};
		C9EA90B921ADE5E800F87F66 /* Pods_Luade.framework */ = {
			isa = PBXReferenceProxy;
			fileType = wrapper.framework;
			path = Pods_Luade.framework;
			remoteRef = C9EA90B821ADE5E800F87F66 /* PBXContainerItemProxy */;
			sourceTree = BUILT_PRODUCTS_DIR;
		};
		C9EA90BB21ADE5E800F87F66 /* SavannaKit.framework */ = {
			isa = PBXReferenceProxy;
			fileType = wrapper.framework;
			path = SavannaKit.framework;
			remoteRef = C9EA90BA21ADE5E800F87F66 /* PBXContainerItemProxy */;
			sourceTree = BUILT_PRODUCTS_DIR;
		};
		C9EA90BD21ADE5E800F87F66 /* SourceEditor.framework */ = {
			isa = PBXReferenceProxy;
			fileType = wrapper.framework;
			path = SourceEditor.framework;
			remoteRef = C9EA90BC21ADE5E800F87F66 /* PBXContainerItemProxy */;
			sourceTree = BUILT_PRODUCTS_DIR;
		};
		C9EC0F4121B73DE100810DAE /* Pods_Run_Lua_Script.framework */ = {
			isa = PBXReferenceProxy;
			fileType = wrapper.framework;
			path = Pods_Run_Lua_Script.framework;
			remoteRef = C9EC0F4021B73DE100810DAE /* PBXContainerItemProxy */;
			sourceTree = BUILT_PRODUCTS_DIR;
		};
/* End PBXReferenceProxy section */

/* Begin PBXResourcesBuildPhase section */
		C990243421B8B79900AA5370 /* Resources */ = {
			isa = PBXResourcesBuildPhase;
			buildActionMask = 2147483647;
			files = (
			);
			runOnlyForDeploymentPostprocessing = 0;
		};
		C9BC6D3E21AB2911006CB876 /* Resources */ = {
			isa = PBXResourcesBuildPhase;
			buildActionMask = 2147483647;
			files = (
				C93634BD21BC4BCA00785AC8 /* docs in Resources */,
				C93634C021BC4FCE00785AC8 /* Help.lua in Resources */,
				C98F344221B897DA009BE421 /* Share Sheet README.lua in Resources */,
				C93634C321BC582500785AC8 /* Samples in Resources */,
				C9BC6D4E21AB2913006CB876 /* LaunchScreen.storyboard in Resources */,
				C98F344021B88E57009BE421 /* Share Sheet Example.lua in Resources */,
				C9EA90AF21ADE29600F87F66 /* Localizable.strings in Resources */,
				C9647FB121AB6CC9005765C2 /* Main.storyboard in Resources */,
				C9BC6D4B21AB2913006CB876 /* Assets.xcassets in Resources */,
				C990242D21B8A40200AA5370 /* commandDictionary.plist in Resources */,
				C9BC6DFF21AB4EFB006CB876 /* Untitled.lua in Resources */,
			);
			runOnlyForDeploymentPostprocessing = 0;
		};
		C9EC0F1421B73B6000810DAE /* Resources */ = {
			isa = PBXResourcesBuildPhase;
			buildActionMask = 2147483647;
			files = (
				C9EC0F1C21B73B6000810DAE /* MainInterface.storyboard in Resources */,
				C990243021B8B62200AA5370 /* commandDictionary.plist in Resources */,
				C9EC0F2B21B73BA500810DAE /* Localizable.strings in Resources */,
				C93634C121BC573F00785AC8 /* Share Sheet Example.lua in Resources */,
			);
			runOnlyForDeploymentPostprocessing = 0;
		};
/* End PBXResourcesBuildPhase section */

/* Begin PBXShellScriptBuildPhase section */
		69DDB60A8BE4C07A9BDB3F2A /* [CP] Embed Pods Frameworks */ = {
			isa = PBXShellScriptBuildPhase;
			buildActionMask = 2147483647;
			files = (
			);
			inputFileListPaths = (
			);
			inputPaths = (
				"${SRCROOT}/Pods/Target Support Files/Pods-Luade/Pods-Luade-frameworks.sh",
				"${BUILT_PRODUCTS_DIR}/FloatingPanel/FloatingPanel.framework",
				"${BUILT_PRODUCTS_DIR}/InputAssistant/InputAssistant.framework",
				"${BUILT_PRODUCTS_DIR}/SavannaKit/SavannaKit.framework",
				"${BUILT_PRODUCTS_DIR}/SourceEditor/SourceEditor.framework",
			);
			name = "[CP] Embed Pods Frameworks";
			outputFileListPaths = (
			);
			outputPaths = (
				"${TARGET_BUILD_DIR}/${FRAMEWORKS_FOLDER_PATH}/FloatingPanel.framework",
				"${TARGET_BUILD_DIR}/${FRAMEWORKS_FOLDER_PATH}/InputAssistant.framework",
				"${TARGET_BUILD_DIR}/${FRAMEWORKS_FOLDER_PATH}/SavannaKit.framework",
				"${TARGET_BUILD_DIR}/${FRAMEWORKS_FOLDER_PATH}/SourceEditor.framework",
			);
			runOnlyForDeploymentPostprocessing = 0;
			shellPath = /bin/sh;
			shellScript = "\"${SRCROOT}/Pods/Target Support Files/Pods-Luade/Pods-Luade-frameworks.sh\"\n";
			showEnvVarsInLog = 0;
		};
		6D59E2A80EC24BC71802B3B7 /* [CP] Check Pods Manifest.lock */ = {
			isa = PBXShellScriptBuildPhase;
			buildActionMask = 2147483647;
			files = (
			);
			inputFileListPaths = (
			);
			inputPaths = (
				"${PODS_PODFILE_DIR_PATH}/Podfile.lock",
				"${PODS_ROOT}/Manifest.lock",
			);
			name = "[CP] Check Pods Manifest.lock";
			outputFileListPaths = (
			);
			outputPaths = (
				"$(DERIVED_FILE_DIR)/Pods-Luade-checkManifestLockResult.txt",
			);
			runOnlyForDeploymentPostprocessing = 0;
			shellPath = /bin/sh;
			shellScript = "diff \"${PODS_PODFILE_DIR_PATH}/Podfile.lock\" \"${PODS_ROOT}/Manifest.lock\" > /dev/null\nif [ $? != 0 ] ; then\n    # print error to STDERR\n    echo \"error: The sandbox is not in sync with the Podfile.lock. Run 'pod install' or update your CocoaPods installation.\" >&2\n    exit 1\nfi\n# This output is used by Xcode 'outputs' to avoid re-running this script phase.\necho \"SUCCESS\" > \"${SCRIPT_OUTPUT_FILE_0}\"\n";
			showEnvVarsInLog = 0;
		};
		F7037D50E9ABDF4171B3DC0A /* [CP] Check Pods Manifest.lock */ = {
			isa = PBXShellScriptBuildPhase;
			buildActionMask = 2147483647;
			files = (
			);
			inputFileListPaths = (
			);
			inputPaths = (
				"${PODS_PODFILE_DIR_PATH}/Podfile.lock",
				"${PODS_ROOT}/Manifest.lock",
			);
			name = "[CP] Check Pods Manifest.lock";
			outputFileListPaths = (
			);
			outputPaths = (
				"$(DERIVED_FILE_DIR)/Pods-Run Lua Script-checkManifestLockResult.txt",
			);
			runOnlyForDeploymentPostprocessing = 0;
			shellPath = /bin/sh;
			shellScript = "diff \"${PODS_PODFILE_DIR_PATH}/Podfile.lock\" \"${PODS_ROOT}/Manifest.lock\" > /dev/null\nif [ $? != 0 ] ; then\n    # print error to STDERR\n    echo \"error: The sandbox is not in sync with the Podfile.lock. Run 'pod install' or update your CocoaPods installation.\" >&2\n    exit 1\nfi\n# This output is used by Xcode 'outputs' to avoid re-running this script phase.\necho \"SUCCESS\" > \"${SCRIPT_OUTPUT_FILE_0}\"\n";
			showEnvVarsInLog = 0;
		};
/* End PBXShellScriptBuildPhase section */

/* Begin PBXSourcesBuildPhase section */
		C990243221B8B79900AA5370 /* Sources */ = {
			isa = PBXSourcesBuildPhase;
			buildActionMask = 2147483647;
			files = (
				C990246621B8B80700AA5370 /* sharesheet.m in Sources */,
				C990245C21B8B7F400AA5370 /* ltable.c in Sources */,
				C990244D21B8B7F400AA5370 /* lfunc.c in Sources */,
				C990244821B8B7F400AA5370 /* lctype.c in Sources */,
				C990244521B8B7F400AA5370 /* lbitlib.c in Sources */,
				C990246221B8B7F400AA5370 /* lutf8lib.c in Sources */,
				C990244E21B8B7F400AA5370 /* lgc.c in Sources */,
				C990245221B8B7F400AA5370 /* lmathlib.c in Sources */,
				C990245821B8B7F400AA5370 /* lparser.c in Sources */,
				C990244921B8B7F400AA5370 /* ldblib.c in Sources */,
				C990245421B8B7F400AA5370 /* loadlib.c in Sources */,
				C990246421B8B7F400AA5370 /* lzio.c in Sources */,
				C990245F21B8B7F400AA5370 /* ltm.c in Sources */,
				C990244221B8B7F400AA5370 /* lapi.c in Sources */,
				C990244321B8B7F400AA5370 /* lauxlib.c in Sources */,
				C990244721B8B7F400AA5370 /* lcorolib.c in Sources */,
				C990245721B8B7F400AA5370 /* loslib.c in Sources */,
				C990244421B8B7F400AA5370 /* lbaselib.c in Sources */,
				C990245321B8B7F400AA5370 /* lmem.c in Sources */,
				C990245921B8B7F400AA5370 /* lstate.c in Sources */,
				C990245021B8B7F400AA5370 /* liolib.c in Sources */,
				C990246321B8B7F400AA5370 /* lvm.c in Sources */,
				C990246021B8B7F400AA5370 /* lua.c in Sources */,
				C93634B821BC419600785AC8 /* pasteboard.m in Sources */,
				C9C721AD21B9D364003CDF36 /* lua_viewController.m in Sources */,
				C990246521B8B80400AA5370 /* lua_extensionContext.m in Sources */,
				C990245E21B8B7F400AA5370 /* ltests.c in Sources */,
				C990245B21B8B7F400AA5370 /* lstrlib.c in Sources */,
				C990245521B8B7F400AA5370 /* lobject.c in Sources */,
				C990244A21B8B7F400AA5370 /* ldebug.c in Sources */,
				C990245D21B8B7F400AA5370 /* ltablib.c in Sources */,
				C990245A21B8B7F400AA5370 /* lstring.c in Sources */,
				C990247F21B9B7DB00AA5370 /* UIWindow.swift in Sources */,
				C990244F21B8B7F400AA5370 /* linit.c in Sources */,
				C990245121B8B7F400AA5370 /* llex.c in Sources */,
				C990244621B8B7F400AA5370 /* lcode.c in Sources */,
				C990247A21B992BE00AA5370 /* device.m in Sources */,
				C990244B21B8B7F400AA5370 /* ldo.c in Sources */,
				C990245621B8B7F400AA5370 /* lopcodes.c in Sources */,
				C990244C21B8B7F400AA5370 /* ldump.c in Sources */,
				C990246121B8B7F400AA5370 /* lundump.c in Sources */,
			);
			runOnlyForDeploymentPostprocessing = 0;
		};
		C9BC6D3C21AB2911006CB876 /* Sources */ = {
			isa = PBXSourcesBuildPhase;
			buildActionMask = 2147483647;
			files = (
				C9BC6E0321AB5829006CB876 /* ConsoleTextView.swift in Sources */,
				C9EA90CA21ADEBF300F87F66 /* Lua.swift in Sources */,
				C9647FAF21AB65C2005765C2 /* REPLConsoleViewController.swift in Sources */,
				C9EA90D021ADF00700F87F66 /* RelativePathForScript.swift in Sources */,
				C9BC6E0521AB585D006CB876 /* UIWindow.swift in Sources */,
				C9EA90C721ADE8C700F87F66 /* lua_copyright.c in Sources */,
				C93634BB21BC4B8400785AC8 /* DocumentationViewController.swift in Sources */,
				C9BC6E0721AB5A21006CB876 /* IO.swift in Sources */,
				C9EA90D821ADF3E200F87F66 /* LuaLexer.swift in Sources */,
				C9EA90D221ADF07F00F87F66 /* UITextView+currentWord.swift in Sources */,
				C9BC6E0121AB5805006CB876 /* ConsoleViewController.swift in Sources */,
				C9EA90C421ADE67C00F87F66 /* Localizable.swift in Sources */,
				C9A23F0421AF14A600DA10D1 /* LuaDelegate.swift in Sources */,
				C9EA90CC21ADECDD00F87F66 /* LuaDocument.swift in Sources */,
				C93872CC21B08D9500780FBE /* ReviewHelper.swift in Sources */,
				C9BC6D4421AB2911006CB876 /* AppDelegate.swift in Sources */,
				C9EA90AB21ADE25A00F87F66 /* DocumentBrowserViewController.swift in Sources */,
				C9EA90CE21ADED1300F87F66 /* EditorViewController.swift in Sources */,
				C9EA90AD21ADE28A00F87F66 /* FileCollectionViewCell.swift in Sources */,
				C9EA90D421ADF0A800F87F66 /* String.swift in Sources */,
				C9A0966221AE134C00A03454 /* ConsolePanelLayout.swift in Sources */,
			);
			runOnlyForDeploymentPostprocessing = 0;
		};
		C9EC0F1221B73B6000810DAE /* Sources */ = {
			isa = PBXSourcesBuildPhase;
			buildActionMask = 2147483647;
			files = (
				C9EC0F4621B7476A00810DAE /* ConsolePanelLayout.swift in Sources */,
				C9EC0F4B21B747BC00810DAE /* ConsoleTextView.swift in Sources */,
				C9EC0F2F21B73BB500810DAE /* ConsoleViewController.swift in Sources */,
				C9EC0F2A21B73B9100810DAE /* DocumentBrowserViewController.swift in Sources */,
				C9EC0F3921B73DE100810DAE /* Lua.swift in Sources */,
				C9EC0F4421B7475100810DAE /* IO.swift in Sources */,
				C9EC0F4321B746A400810DAE /* String.swift in Sources */,
				C9EC0F4921B7479D00810DAE /* RelativePathForScript.swift in Sources */,
				C9EC0F4721B7476E00810DAE /* LuaLexer.swift in Sources */,
				C9EC0F2D21B73BAF00810DAE /* LuaDocument.swift in Sources */,
				C9EC0F4D21B74A7A00810DAE /* lua_copyright.c in Sources */,
				C9EC0F2C21B73BAD00810DAE /* Localizable.swift in Sources */,
				C93634BE21BC4E1200785AC8 /* DocumentationViewController.swift in Sources */,
				C9EC0F4821B7479B00810DAE /* UITextView+currentWord.swift in Sources */,
				C9EC0F4521B7476700810DAE /* LuaDelegate.swift in Sources */,
				C9EC0F2E21B73BB200810DAE /* EditorViewController.swift in Sources */,
				C9EC0F4A21B747B900810DAE /* FileCollectionViewCell.swift in Sources */,
				C9EC0F4221B746A000810DAE /* UIWindow.swift in Sources */,
				C9EC0F7121B74C4900810DAE /* AppDelegate.swift in Sources */,
			);
			runOnlyForDeploymentPostprocessing = 0;
		};
/* End PBXSourcesBuildPhase section */

/* Begin PBXTargetDependency section */
		C990243C21B8B79A00AA5370 /* PBXTargetDependency */ = {
			isa = PBXTargetDependency;
			target = C990243521B8B79900AA5370 /* Lua */;
			targetProxy = C990243B21B8B79A00AA5370 /* PBXContainerItemProxy */;
		};
		C9BC6DFC21AB4591006CB876 /* PBXTargetDependency */ = {
			isa = PBXTargetDependency;
			name = ios_system;
			targetProxy = C9BC6DFB21AB4591006CB876 /* PBXContainerItemProxy */;
		};
		C9EC0F1F21B73B6000810DAE /* PBXTargetDependency */ = {
			isa = PBXTargetDependency;
			target = C9EC0F1521B73B6000810DAE /* Run Lua Script */;
			targetProxy = C9EC0F1E21B73B6000810DAE /* PBXContainerItemProxy */;
		};
/* End PBXTargetDependency section */

/* Begin PBXVariantGroup section */
		C9BC6D4C21AB2913006CB876 /* LaunchScreen.storyboard */ = {
			isa = PBXVariantGroup;
			children = (
				C9BC6D4D21AB2913006CB876 /* Base */,
			);
			name = LaunchScreen.storyboard;
			sourceTree = "<group>";
		};
		C9EC0F1A21B73B6000810DAE /* MainInterface.storyboard */ = {
			isa = PBXVariantGroup;
			children = (
				C9EC0F1B21B73B6000810DAE /* Base */,
			);
			name = MainInterface.storyboard;
			sourceTree = "<group>";
		};
/* End PBXVariantGroup section */

/* Begin XCBuildConfiguration section */
		C990244021B8B79A00AA5370 /* Debug */ = {
			isa = XCBuildConfiguration;
			buildSettings = {
				APPLICATION_EXTENSION_API_ONLY = NO;
				CLANG_ENABLE_MODULES = YES;
				CODE_SIGN_IDENTITY = "";
				CODE_SIGN_STYLE = Automatic;
				CURRENT_PROJECT_VERSION = 1;
				DEFINES_MODULE = YES;
				DEVELOPMENT_TEAM = Y96PL6G497;
				DYLIB_COMPATIBILITY_VERSION = 1;
				DYLIB_CURRENT_VERSION = 1;
				DYLIB_INSTALL_NAME_BASE = "@rpath";
				INFOPLIST_FILE = Lua/Info.plist;
				INSTALL_PATH = "$(LOCAL_LIBRARY_DIR)/Frameworks";
				IPHONEOS_DEPLOYMENT_TARGET = 11.0;
				LD_RUNPATH_SEARCH_PATHS = (
					"$(inherited)",
					"@executable_path/Frameworks",
					"@loader_path/Frameworks",
				);
				PRODUCT_BUNDLE_IDENTIFIER = ch.marcela.ada.Luade.Lua;
				PRODUCT_NAME = "$(TARGET_NAME:c99extidentifier)";
				SKIP_INSTALL = YES;
				SWIFT_OBJC_INTERFACE_HEADER_NAME = "$(SWIFT_MODULE_NAME)-Swift.h";
				SWIFT_VERSION = 4.2;
				TARGETED_DEVICE_FAMILY = "1,2";
				VERSIONING_SYSTEM = "apple-generic";
				VERSION_INFO_PREFIX = "";
			};
			name = Debug;
		};
		C990244121B8B79A00AA5370 /* Release */ = {
			isa = XCBuildConfiguration;
			buildSettings = {
				APPLICATION_EXTENSION_API_ONLY = NO;
				CLANG_ENABLE_MODULES = YES;
				CODE_SIGN_IDENTITY = "";
				CODE_SIGN_STYLE = Automatic;
				CURRENT_PROJECT_VERSION = 1;
				DEFINES_MODULE = YES;
				DEVELOPMENT_TEAM = Y96PL6G497;
				DYLIB_COMPATIBILITY_VERSION = 1;
				DYLIB_CURRENT_VERSION = 1;
				DYLIB_INSTALL_NAME_BASE = "@rpath";
				INFOPLIST_FILE = Lua/Info.plist;
				INSTALL_PATH = "$(LOCAL_LIBRARY_DIR)/Frameworks";
				IPHONEOS_DEPLOYMENT_TARGET = 11.0;
				LD_RUNPATH_SEARCH_PATHS = (
					"$(inherited)",
					"@executable_path/Frameworks",
					"@loader_path/Frameworks",
				);
				PRODUCT_BUNDLE_IDENTIFIER = ch.marcela.ada.Luade.Lua;
				PRODUCT_NAME = "$(TARGET_NAME:c99extidentifier)";
				SKIP_INSTALL = YES;
				SWIFT_OBJC_INTERFACE_HEADER_NAME = "$(SWIFT_MODULE_NAME)-Swift.h";
				SWIFT_VERSION = 4.2;
				TARGETED_DEVICE_FAMILY = "1,2";
				VERSIONING_SYSTEM = "apple-generic";
				VERSION_INFO_PREFIX = "";
			};
			name = Release;
		};
		C9BC6D5021AB2913006CB876 /* Debug */ = {
			isa = XCBuildConfiguration;
			buildSettings = {
				ALWAYS_SEARCH_USER_PATHS = NO;
				CLANG_ANALYZER_NONNULL = YES;
				CLANG_ANALYZER_NUMBER_OBJECT_CONVERSION = YES_AGGRESSIVE;
				CLANG_CXX_LANGUAGE_STANDARD = "gnu++14";
				CLANG_CXX_LIBRARY = "libc++";
				CLANG_ENABLE_MODULES = YES;
				CLANG_ENABLE_OBJC_ARC = YES;
				CLANG_ENABLE_OBJC_WEAK = YES;
				CLANG_WARN_BLOCK_CAPTURE_AUTORELEASING = YES;
				CLANG_WARN_BOOL_CONVERSION = YES;
				CLANG_WARN_COMMA = YES;
				CLANG_WARN_CONSTANT_CONVERSION = YES;
				CLANG_WARN_DEPRECATED_OBJC_IMPLEMENTATIONS = YES;
				CLANG_WARN_DIRECT_OBJC_ISA_USAGE = YES_ERROR;
				CLANG_WARN_DOCUMENTATION_COMMENTS = YES;
				CLANG_WARN_EMPTY_BODY = YES;
				CLANG_WARN_ENUM_CONVERSION = YES;
				CLANG_WARN_INFINITE_RECURSION = YES;
				CLANG_WARN_INT_CONVERSION = YES;
				CLANG_WARN_NON_LITERAL_NULL_CONVERSION = YES;
				CLANG_WARN_OBJC_IMPLICIT_RETAIN_SELF = YES;
				CLANG_WARN_OBJC_LITERAL_CONVERSION = YES;
				CLANG_WARN_OBJC_ROOT_CLASS = YES_ERROR;
				CLANG_WARN_RANGE_LOOP_ANALYSIS = YES;
				CLANG_WARN_STRICT_PROTOTYPES = YES;
				CLANG_WARN_SUSPICIOUS_MOVE = YES;
				CLANG_WARN_UNGUARDED_AVAILABILITY = YES_AGGRESSIVE;
				CLANG_WARN_UNREACHABLE_CODE = YES;
				CLANG_WARN__DUPLICATE_METHOD_MATCH = YES;
				CODE_SIGN_IDENTITY = "iPhone Developer";
				COPY_PHASE_STRIP = NO;
				DEBUG_INFORMATION_FORMAT = dwarf;
				ENABLE_STRICT_OBJC_MSGSEND = YES;
				ENABLE_TESTABILITY = YES;
				GCC_C_LANGUAGE_STANDARD = gnu11;
				GCC_DYNAMIC_NO_PIC = NO;
				GCC_NO_COMMON_BLOCKS = YES;
				GCC_OPTIMIZATION_LEVEL = 0;
				GCC_PREPROCESSOR_DEFINITIONS = (
					"DEBUG=1",
					"$(inherited)",
				);
				GCC_WARN_64_TO_32_BIT_CONVERSION = YES;
				GCC_WARN_ABOUT_RETURN_TYPE = YES_ERROR;
				GCC_WARN_UNDECLARED_SELECTOR = YES;
				GCC_WARN_UNINITIALIZED_AUTOS = YES_AGGRESSIVE;
				GCC_WARN_UNUSED_FUNCTION = YES;
				GCC_WARN_UNUSED_VARIABLE = YES;
				IPHONEOS_DEPLOYMENT_TARGET = 12.1;
				MTL_ENABLE_DEBUG_INFO = INCLUDE_SOURCE;
				MTL_FAST_MATH = YES;
				ONLY_ACTIVE_ARCH = YES;
				SDKROOT = iphoneos;
				SWIFT_ACTIVE_COMPILATION_CONDITIONS = DEBUG;
				SWIFT_OPTIMIZATION_LEVEL = "-Onone";
			};
			name = Debug;
		};
		C9BC6D5121AB2913006CB876 /* Release */ = {
			isa = XCBuildConfiguration;
			buildSettings = {
				ALWAYS_SEARCH_USER_PATHS = NO;
				CLANG_ANALYZER_NONNULL = YES;
				CLANG_ANALYZER_NUMBER_OBJECT_CONVERSION = YES_AGGRESSIVE;
				CLANG_CXX_LANGUAGE_STANDARD = "gnu++14";
				CLANG_CXX_LIBRARY = "libc++";
				CLANG_ENABLE_MODULES = YES;
				CLANG_ENABLE_OBJC_ARC = YES;
				CLANG_ENABLE_OBJC_WEAK = YES;
				CLANG_WARN_BLOCK_CAPTURE_AUTORELEASING = YES;
				CLANG_WARN_BOOL_CONVERSION = YES;
				CLANG_WARN_COMMA = YES;
				CLANG_WARN_CONSTANT_CONVERSION = YES;
				CLANG_WARN_DEPRECATED_OBJC_IMPLEMENTATIONS = YES;
				CLANG_WARN_DIRECT_OBJC_ISA_USAGE = YES_ERROR;
				CLANG_WARN_DOCUMENTATION_COMMENTS = YES;
				CLANG_WARN_EMPTY_BODY = YES;
				CLANG_WARN_ENUM_CONVERSION = YES;
				CLANG_WARN_INFINITE_RECURSION = YES;
				CLANG_WARN_INT_CONVERSION = YES;
				CLANG_WARN_NON_LITERAL_NULL_CONVERSION = YES;
				CLANG_WARN_OBJC_IMPLICIT_RETAIN_SELF = YES;
				CLANG_WARN_OBJC_LITERAL_CONVERSION = YES;
				CLANG_WARN_OBJC_ROOT_CLASS = YES_ERROR;
				CLANG_WARN_RANGE_LOOP_ANALYSIS = YES;
				CLANG_WARN_STRICT_PROTOTYPES = YES;
				CLANG_WARN_SUSPICIOUS_MOVE = YES;
				CLANG_WARN_UNGUARDED_AVAILABILITY = YES_AGGRESSIVE;
				CLANG_WARN_UNREACHABLE_CODE = YES;
				CLANG_WARN__DUPLICATE_METHOD_MATCH = YES;
				CODE_SIGN_IDENTITY = "iPhone Developer";
				COPY_PHASE_STRIP = NO;
				DEBUG_INFORMATION_FORMAT = "dwarf-with-dsym";
				ENABLE_NS_ASSERTIONS = NO;
				ENABLE_STRICT_OBJC_MSGSEND = YES;
				GCC_C_LANGUAGE_STANDARD = gnu11;
				GCC_NO_COMMON_BLOCKS = YES;
				GCC_WARN_64_TO_32_BIT_CONVERSION = YES;
				GCC_WARN_ABOUT_RETURN_TYPE = YES_ERROR;
				GCC_WARN_UNDECLARED_SELECTOR = YES;
				GCC_WARN_UNINITIALIZED_AUTOS = YES_AGGRESSIVE;
				GCC_WARN_UNUSED_FUNCTION = YES;
				GCC_WARN_UNUSED_VARIABLE = YES;
				IPHONEOS_DEPLOYMENT_TARGET = 12.1;
				MTL_ENABLE_DEBUG_INFO = NO;
				MTL_FAST_MATH = YES;
				SDKROOT = iphoneos;
				SWIFT_COMPILATION_MODE = wholemodule;
				SWIFT_OPTIMIZATION_LEVEL = "-O";
				VALIDATE_PRODUCT = YES;
			};
			name = Release;
		};
		C9BC6D5321AB2913006CB876 /* Debug */ = {
			isa = XCBuildConfiguration;
			baseConfigurationReference = F70489BA28CB49B0B7A5DA68 /* Pods-Luade.debug.xcconfig */;
			buildSettings = {
				ALWAYS_EMBED_SWIFT_STANDARD_LIBRARIES = YES;
				ASSETCATALOG_COMPILER_APPICON_NAME = AppIcon;
				CLANG_ALLOW_NON_MODULAR_INCLUDES_IN_FRAMEWORK_MODULES = NO;
				CLANG_ENABLE_MODULES = YES;
				CODE_SIGN_ENTITLEMENTS = Luade/Luade.entitlements;
				CODE_SIGN_STYLE = Automatic;
				DEFINES_MODULE = NO;
				DEVELOPMENT_TEAM = Y96PL6G497;
				GCC_PREPROCESSOR_DEFINITIONS = (
					"$(inherited)",
					"COCOAPODS=1",
					"MAINAPP=1",
				);
				INFOPLIST_FILE = Luade/Info.plist;
				IPHONEOS_DEPLOYMENT_TARGET = 11.0;
				LD_RUNPATH_SEARCH_PATHS = (
					"$(inherited)",
					"@executable_path/Frameworks",
				);
				PRODUCT_BUNDLE_IDENTIFIER = ch.marcela.ada.Luade;
				PRODUCT_NAME = "$(TARGET_NAME)";
				SWIFT_ACTIVE_COMPILATION_CONDITIONS = "DEBUG MAINAPP";
				SWIFT_OBJC_BRIDGING_HEADER = "Luade/Luade-Bridging-Header.h";
				SWIFT_OPTIMIZATION_LEVEL = "-Onone";
				SWIFT_VERSION = 4.2;
				TARGETED_DEVICE_FAMILY = "1,2";
			};
			name = Debug;
		};
		C9BC6D5421AB2913006CB876 /* Release */ = {
			isa = XCBuildConfiguration;
			baseConfigurationReference = 4CAB930C80137560BA7C1F4A /* Pods-Luade.release.xcconfig */;
			buildSettings = {
				ALWAYS_EMBED_SWIFT_STANDARD_LIBRARIES = YES;
				ASSETCATALOG_COMPILER_APPICON_NAME = AppIcon;
				CLANG_ALLOW_NON_MODULAR_INCLUDES_IN_FRAMEWORK_MODULES = NO;
				CLANG_ENABLE_MODULES = YES;
				CODE_SIGN_ENTITLEMENTS = Luade/Luade.entitlements;
				CODE_SIGN_STYLE = Automatic;
				DEFINES_MODULE = NO;
				DEVELOPMENT_TEAM = Y96PL6G497;
				GCC_PREPROCESSOR_DEFINITIONS = (
					"$(inherited)",
					"COCOAPODS=1",
					"MAINAPP=1",
				);
				INFOPLIST_FILE = Luade/Info.plist;
				IPHONEOS_DEPLOYMENT_TARGET = 11.0;
				LD_RUNPATH_SEARCH_PATHS = (
					"$(inherited)",
					"@executable_path/Frameworks",
				);
				PRODUCT_BUNDLE_IDENTIFIER = ch.marcela.ada.Luade;
				PRODUCT_NAME = "$(TARGET_NAME)";
				SWIFT_ACTIVE_COMPILATION_CONDITIONS = MAINAPP;
				SWIFT_OBJC_BRIDGING_HEADER = "Luade/Luade-Bridging-Header.h";
				SWIFT_VERSION = 4.2;
				TARGETED_DEVICE_FAMILY = "1,2";
			};
			name = Release;
		};
		C9EC0F2121B73B6000810DAE /* Debug */ = {
			isa = XCBuildConfiguration;
			baseConfigurationReference = B32772B42990131715C6839E /* Pods-Run Lua Script.debug.xcconfig */;
			buildSettings = {
				CLANG_ALLOW_NON_MODULAR_INCLUDES_IN_FRAMEWORK_MODULES = NO;
				CLANG_ENABLE_MODULES = YES;
				CODE_SIGN_ENTITLEMENTS = "Run Lua Script/Run Lua Script.entitlements";
				CODE_SIGN_STYLE = Automatic;
				DEFINES_MODULE = NO;
				DEVELOPMENT_TEAM = Y96PL6G497;
				INFOPLIST_FILE = "$(SRCROOT)/Run Lua Script/Info.plist";
				IPHONEOS_DEPLOYMENT_TARGET = 11.0;
				LD_RUNPATH_SEARCH_PATHS = (
					"$(inherited)",
					"@executable_path/Frameworks",
					"@executable_path/../../Frameworks",
				);
				PRODUCT_BUNDLE_IDENTIFIER = "ch.marcela.ada.Luade.Open-With-Lua";
				PRODUCT_NAME = "$(TARGET_NAME)";
				SKIP_INSTALL = YES;
				SWIFT_OBJC_BRIDGING_HEADER = "Luade/Luade-Bridging-Header.h";
				SWIFT_OBJC_INTERFACE_HEADER_NAME = "$(SWIFT_MODULE_NAME)-Swift.h";
				SWIFT_VERSION = 4.2;
				TARGETED_DEVICE_FAMILY = "1,2";
			};
			name = Debug;
		};
		C9EC0F2221B73B6000810DAE /* Release */ = {
			isa = XCBuildConfiguration;
			baseConfigurationReference = A6A7A24FFBFBE6ACCD8579D8 /* Pods-Run Lua Script.release.xcconfig */;
			buildSettings = {
				CLANG_ALLOW_NON_MODULAR_INCLUDES_IN_FRAMEWORK_MODULES = NO;
				CLANG_ENABLE_MODULES = YES;
				CODE_SIGN_ENTITLEMENTS = "Run Lua Script/Run Lua Script.entitlements";
				CODE_SIGN_STYLE = Automatic;
				DEFINES_MODULE = NO;
				DEVELOPMENT_TEAM = Y96PL6G497;
				INFOPLIST_FILE = "$(SRCROOT)/Run Lua Script/Info.plist";
				IPHONEOS_DEPLOYMENT_TARGET = 11.0;
				LD_RUNPATH_SEARCH_PATHS = (
					"$(inherited)",
					"@executable_path/Frameworks",
					"@executable_path/../../Frameworks",
				);
				PRODUCT_BUNDLE_IDENTIFIER = "ch.marcela.ada.Luade.Open-With-Lua";
				PRODUCT_NAME = "$(TARGET_NAME)";
				SKIP_INSTALL = YES;
				SWIFT_OBJC_BRIDGING_HEADER = "Luade/Luade-Bridging-Header.h";
				SWIFT_OBJC_INTERFACE_HEADER_NAME = "$(SWIFT_MODULE_NAME)-Swift.h";
				SWIFT_VERSION = 4.2;
				TARGETED_DEVICE_FAMILY = "1,2";
			};
			name = Release;
		};
/* End XCBuildConfiguration section */

/* Begin XCConfigurationList section */
		C990243F21B8B79A00AA5370 /* Build configuration list for PBXNativeTarget "Lua" */ = {
			isa = XCConfigurationList;
			buildConfigurations = (
				C990244021B8B79A00AA5370 /* Debug */,
				C990244121B8B79A00AA5370 /* Release */,
			);
			defaultConfigurationIsVisible = 0;
			defaultConfigurationName = Release;
		};
		C9BC6D3B21AB2911006CB876 /* Build configuration list for PBXProject "Luade" */ = {
			isa = XCConfigurationList;
			buildConfigurations = (
				C9BC6D5021AB2913006CB876 /* Debug */,
				C9BC6D5121AB2913006CB876 /* Release */,
			);
			defaultConfigurationIsVisible = 0;
			defaultConfigurationName = Release;
		};
		C9BC6D5221AB2913006CB876 /* Build configuration list for PBXNativeTarget "Luade" */ = {
			isa = XCConfigurationList;
			buildConfigurations = (
				C9BC6D5321AB2913006CB876 /* Debug */,
				C9BC6D5421AB2913006CB876 /* Release */,
			);
			defaultConfigurationIsVisible = 0;
			defaultConfigurationName = Release;
		};
		C9EC0F2821B73B6000810DAE /* Build configuration list for PBXNativeTarget "Run Lua Script" */ = {
			isa = XCConfigurationList;
			buildConfigurations = (
				C9EC0F2121B73B6000810DAE /* Debug */,
				C9EC0F2221B73B6000810DAE /* Release */,
			);
			defaultConfigurationIsVisible = 0;
			defaultConfigurationName = Release;
		};
/* End XCConfigurationList section */
	};
	rootObject = C9BC6D3821AB2911006CB876 /* Project object */;
}
